
Microsoft Visual Studio Solution File, Format Version 12.00
# Visual Studio 2012
Project("{2150E333-8FDC-42A3-9474-1A3956D46DE8}") = "02.자재관리", "02.자재관리", "{F9168B2E-9669-4E1F-85D7-00A5A80CD151}"
EndProject
Project("{2150E333-8FDC-42A3-9474-1A3956D46DE8}") = "06.출하관리", "06.출하관리", "{3DA16AF2-68CD-46C8-959D-F34D89A50911}"
EndProject
Project("{2150E333-8FDC-42A3-9474-1A3956D46DE8}") = "00.COM", "00.COM", "{F47CE5F6-2E05-4861-8D86-F7F7EADC4A0C}"
EndProject
Project("{2150E333-8FDC-42A3-9474-1A3956D46DE8}") = "01.기준정보", "01.기준정보", "{B0950A99-5DF7-4E9A-A6FE-3B89E6CF4945}"
EndProject
Project("{2150E333-8FDC-42A3-9474-1A3956D46DE8}") = "03.생산관리", "03.생산관리", "{34A73E6F-2952-4E76-86A3-90EE9B5EC6E2}"
EndProject
Project("{FAE04EC0-301F-11D3-BF4B-00C04F79EFBC}") = "BIZ", "..\BASE\BIZ\BIZ.csproj", "{F7FF5959-328C-4CB6-A4BD-C8F4926416E6}"
EndProject
Project("{FAE04EC0-301F-11D3-BF4B-00C04F79EFBC}") = "COM", "..\BASE\COM\COM.csproj", "{CFDEC89F-6AE7-4337-9BAE-5586DD1C3D3F}"
EndProject
Project("{FAE04EC0-301F-11D3-BF4B-00C04F79EFBC}") = "DAC", "..\BASE\DAC\DAC.csproj", "{E0CBC102-2465-4B30-92AB-FF9D9489766D}"
EndProject
Project("{FAE04EC0-301F-11D3-BF4B-00C04F79EFBC}") = "GlobalV", "..\BASE\GlobalV\GlobalV.csproj", "{1CD994B6-9285-4D87-9ED2-3BDAF96DD81C}"
EndProject
Project("{2150E333-8FDC-42A3-9474-1A3956D46DE8}") = "05.모니터링", "05.모니터링", "{AA9EF2A2-A612-4304-BAAB-7DF904C7B17E}"
EndProject
Project("{2150E333-8FDC-42A3-9474-1A3956D46DE8}") = "07.분석정보", "07.분석정보", "{4E1A60FA-8D54-45D2-91F2-2959CA7E0AF6}"
EndProject
Project("{2150E333-8FDC-42A3-9474-1A3956D46DE8}") = "08.보고서관리", "08.보고서관리", "{27425D25-37B7-4348-898B-3C52DA253CE8}"
EndProject
Project("{2150E333-8FDC-42A3-9474-1A3956D46DE8}") = "09.마스크관리", "09.마스크관리", "{D18854E9-88F1-4358-840A-3150F5E11855}"
EndProject
Project("{2150E333-8FDC-42A3-9474-1A3956D46DE8}") = "10.솔더관리", "10.솔더관리", "{A69CA076-A559-4F63-A380-2A74E51B320C}"
EndProject
Project("{2150E333-8FDC-42A3-9474-1A3956D46DE8}") = "04.품질관리", "04.품질관리", "{57DF1C65-DBE0-4DCD-98CF-CE5BFEDF7AA2}"
EndProject
Project("{FAE04EC0-301F-11D3-BF4B-00C04F79EFBC}") = "MES_BASIC_01(코드관리)", "..\MES\01.기준정보\MES_BASIC_01(코드관리)\MES_BASIC_01(코드관리).csproj", "{F5422991-44BE-4988-8773-8D91CD74D9D4}"
EndProject
Project("{FAE04EC0-301F-11D3-BF4B-00C04F79EFBC}") = "MES_BASIC_02(사원관리)", "..\MES\01.기준정보\MES_BASIC_02(사원관리)\MES_BASIC_02(사원관리).csproj", "{BB7DFD20-C6FE-4C1F-A5F7-4FFD5EC403C9}"
EndProject
Project("{FAE04EC0-301F-11D3-BF4B-00C04F79EFBC}") = "MES_BASIC_03(부서관리)", "..\MES\01.기준정보\MES_BASIC_03(부서관리)\MES_BASIC_03(부서관리).csproj", "{E7491304-15F8-4A36-A1E2-54829D26F4CE}"
EndProject
Project("{FAE04EC0-301F-11D3-BF4B-00C04F79EFBC}") = "MES_BASIC_04(공장기준정보)", "..\MES\01.기준정보\MES_BASIC_04(공장기준정보)\MES_BASIC_04(공장기준정보).csproj", "{CFC512B4-E61C-45D7-A662-5CC783D7B9B5}"
EndProject
Project("{FAE04EC0-301F-11D3-BF4B-00C04F79EFBC}") = "MES_BASIC_05(창고기준정보)", "..\MES\01.기준정보\MES_BASIC_05(창고기준정보)\MES_BASIC_05(창고기준정보).csproj", "{907039DB-EB87-4E27-97BE-ACBF680D3721}"
EndProject
Project("{FAE04EC0-301F-11D3-BF4B-00C04F79EFBC}") = "MES_BASIC_06(WC기준정보)", "..\MES\01.기준정보\MES_BASIC_06(WC기준정보)\MES_BASIC_06(WC기준정보).csproj", "{03A5A341-B7AB-4BA9-B445-A08C1309BE8F}"
EndProject
Project("{FAE04EC0-301F-11D3-BF4B-00C04F79EFBC}") = "MES_BASIC_10(혼입체크 기준정보)", "..\MES\01.기준정보\MES_BASIC_10(혼입체크 기준정보)\MES_BASIC_10(혼입체크 기준정보).csproj", "{E7E65A36-8C0D-4C8F-8846-41A647F8E9E8}"
EndProject
Project("{FAE04EC0-301F-11D3-BF4B-00C04F79EFBC}") = "MES_BASIC_14(제품BOM 기준정보)", "..\MES\01.기준정보\MES_BASIC_14(제품BOM 기준정보)\MES_BASIC_14(제품BOM 기준정보).csproj", "{31273896-7C8D-44D7-A0F5-FF1BFE24C836}"
EndProject
Project("{FAE04EC0-301F-11D3-BF4B-00C04F79EFBC}") = "MES_BASIC_17(창고위치기준정보)", "..\MES\01.기준정보\MES_BASIC_17(창고위치기준정보)\MES_BASIC_17(창고위치기준정보).csproj", "{1ADC40BE-A69B-44C7-9D55-9E02380B7F34}"
EndProject
Project("{FAE04EC0-301F-11D3-BF4B-00C04F79EFBC}") = "MES_BASIC_18(공정기준정보)", "..\MES\01.기준정보\MES_BASIC_18(공정기준정보)\MES_BASIC_18(공정기준정보).csproj", "{AF7268A4-E2CB-44A4-8A14-8923B96E7FBB}"
EndProject
Project("{FAE04EC0-301F-11D3-BF4B-00C04F79EFBC}") = "MES_BASIC_19(불량코드관리)", "..\MES\01.기준정보\MES_BASIC_19(불량코드관리)\MES_BASIC_19(불량코드관리).csproj", "{7D30B581-3993-44BA-8F4A-6EE19BC503EA}"
EndProject
Project("{FAE04EC0-301F-11D3-BF4B-00C04F79EFBC}") = "MES_BASIC_20(설비기준정보)", "..\MES\01.기준정보\MES_BASIC_20(설비기준정보)\MES_BASIC_20(설비기준정보).csproj", "{269D5ED4-E0BC-434E-B300-04BD19B29094}"
EndProject
Project("{FAE04EC0-301F-11D3-BF4B-00C04F79EFBC}") = "MES_BASIC_21(공정라우팅관리)", "..\MES\01.기준정보\MES_BASIC_21(공정라우팅관리)\MES_BASIC_21(공정라우팅관리).csproj", "{442959E7-9D75-47D1-BF35-A2072BC30151}"
EndProject
Project("{FAE04EC0-301F-11D3-BF4B-00C04F79EFBC}") = "POP_MAT_01(자재입고)", "..\MES\02.자재관리\POP_MAT_01(자재입고)\POP_MAT_01(자재입고).csproj", "{DD69BB85-B2D2-4A85-9D07-C4C2B1010BCD}"
EndProject
Project("{FAE04EC0-301F-11D3-BF4B-00C04F79EFBC}") = "POP_MAT_02(자재출고)", "..\MES\02.자재관리\POP_MAT_02(자재출고)\POP_MAT_02(자재출고).csproj", "{90501EC8-BF6E-4A69-A705-D187BFAD131C}"
EndProject
Project("{FAE04EC0-301F-11D3-BF4B-00C04F79EFBC}") = "POP_MAT_03(입출고조회)", "..\MES\02.자재관리\POP_MAT_03(입출고조회)\POP_MAT_03(입출고조회).csproj", "{BAED8AF2-560D-411F-98F5-3EC8F0587D40}"
EndProject
Project("{FAE04EC0-301F-11D3-BF4B-00C04F79EFBC}") = "POP_MAT_04(자재반납)", "..\MES\02.자재관리\POP_MAT_04(자재반납)\POP_MAT_04(자재반납).csproj", "{8CF597C0-2E36-4D4C-B285-EC47A73AEAC9}"
EndProject
Project("{FAE04EC0-301F-11D3-BF4B-00C04F79EFBC}") = "POP_MAT_05(자재반출)", "..\MES\02.자재관리\POP_MAT_05(자재반출)\POP_MAT_05(자재반출).csproj", "{3A3EF0A2-5ADF-4F63-A35E-9BEDC8427890}"
EndProject
Project("{FAE04EC0-301F-11D3-BF4B-00C04F79EFBC}") = "POP_MAT_06(자재 혼입방지관리)", "..\MES\02.자재관리\POP_MAT_06(자재 혼입방지관리)\POP_MAT_06(자재 혼입방지관리).csproj", "{553B3089-84F0-46A9-86BA-C3ECAAAE2742}"
EndProject
Project("{FAE04EC0-301F-11D3-BF4B-00C04F79EFBC}") = "POP_MAT_09(자재 혼입 위치검증)", "..\MES\02.자재관리\POP_MAT_09(자재 혼입 위치검증)\POP_MAT_09(자재 혼입 위치검증).csproj", "{1414CB57-77C0-47EC-9DC5-38D0F6881165}"
EndProject
Project("{FAE04EC0-301F-11D3-BF4B-00C04F79EFBC}") = "POP_MAT_16(창고위치별 자재조회)", "..\MES\02.자재관리\POP_MAT_16(창고위치별 자재조회)\POP_MAT_16(창고위치별 자재조회).csproj", "{E8B27CE4-9F2C-4A05-91FC-B1DD184BAE1E}"
EndProject
Project("{FAE04EC0-301F-11D3-BF4B-00C04F79EFBC}") = "POP_MAT_17(재고조정)", "..\MES\02.자재관리\POP_MAT_17(재고조정)\POP_MAT_17(재고조정).csproj", "{4DAA69CB-5FA4-48B5-BA30-CD64DACA73BA}"
EndProject
Project("{FAE04EC0-301F-11D3-BF4B-00C04F79EFBC}") = "POP_MAT_20(재고실사)", "..\MES\02.자재관리\POP_MAT_20(재고실사)\POP_MAT_20(재고실사).csproj", "{F06443B1-3617-4FF6-AC88-4EEEEE5FDDD5}"
EndProject
Project("{FAE04EC0-301F-11D3-BF4B-00C04F79EFBC}") = "POP_WIP_100(수주정보관리)", "..\MES\03.생산관리\POP_WIP_100(수주정보관리)\POP_WIP_100(수주정보관리).csproj", "{B008136F-7186-4C0B-847B-9BBD25A74677}"
EndProject
Project("{FAE04EC0-301F-11D3-BF4B-00C04F79EFBC}") = "POP_WIP_101(작업지시관리)", "..\MES\03.생산관리\POP_WIP_101(작업지시관리)\POP_WIP_101(작업지시관리).csproj", "{9EF0DC0B-E9E1-4606-9C5A-D0B200BB7C39}"
EndProject
Project("{FAE04EC0-301F-11D3-BF4B-00C04F79EFBC}") = "POP_WIP_102(작업지시별 모델관리)", "..\MES\03.생산관리\POP_WIP_102(작업지시별 모델관리)\POP_WIP_102(작업지시별 모델관리).csproj", "{8C5FFB58-8ED0-41B5-9101-D7297203720F}"
EndProject
Project("{FAE04EC0-301F-11D3-BF4B-00C04F79EFBC}") = "POP_WIP_200(기간별생산현황조회)", "..\MES\03.생산관리\POP_WIP_200(기간별생산현황조회)\POP_WIP_200(기간별생산현황조회).csproj", "{60154FD3-950B-4052-8512-58D63DB23E05}"
EndProject
Project("{FAE04EC0-301F-11D3-BF4B-00C04F79EFBC}") = "POP_WIP_201(공정별생산현황조회)", "..\MES\03.생산관리\POP_WIP_201(공정별생산현황조회)\POP_WIP_201(공정별생산현황조회).csproj", "{005C7E51-8DED-4303-8948-9FB6F7769F7C}"
EndProject
Project("{FAE04EC0-301F-11D3-BF4B-00C04F79EFBC}") = "POP_WIP_202(리워크처리이력조회)", "..\MES\03.생산관리\POP_WIP_202(리워크처리이력조회)\POP_WIP_202(리워크처리이력조회).csproj", "{B367EF29-C58E-4416-868D-CD3C1F190757}"
EndProject
Project("{FAE04EC0-301F-11D3-BF4B-00C04F79EFBC}") = "POP_WIP_206(생산설비이력조회)", "..\MES\03.생산관리\POP_WIP_206(생산설비이력조회)\POP_WIP_206(생산설비이력조회).csproj", "{2840F68E-C4FE-4DC9-8058-231EC885FBD5}"
EndProject
Project("{FAE04EC0-301F-11D3-BF4B-00C04F79EFBC}") = "POP_WIP_208(공정별검사이력)", "..\MES\03.생산관리\POP_WIP_208(공정별검사이력)\POP_WIP_208(공정별검사이력).csproj", "{5D86F970-6571-42A4-9C8B-0F3C2F072608}"
EndProject
Project("{FAE04EC0-301F-11D3-BF4B-00C04F79EFBC}") = "POP_WIP_400(재물조사관리)", "..\MES\03.생산관리\POP_WIP_400(재물조사관리)\POP_WIP_400(재물조사관리).csproj", "{D261F97D-EC2B-4B36-8652-DC123B7D931B}"
EndProject
Project("{FAE04EC0-301F-11D3-BF4B-00C04F79EFBC}") = "POP_WIP_403(제품이력추적)", "..\MES\03.생산관리\POP_WIP_403(제품이력추적)\POP_WIP_403(제품이력추적).csproj", "{07B2FA82-B31E-4F99-AAE8-3CA5D3D6C546}"
EndProject
Project("{FAE04EC0-301F-11D3-BF4B-00C04F79EFBC}") = "POP_WIP_500(제품순번체크)", "..\MES\03.생산관리\POP_WIP_500(제품순번체크)\POP_WIP_500(제품순번체크).csproj", "{E3C500E6-7B25-466C-BEDE-C6EDEEC8AD6C}"
EndProject
Project("{FAE04EC0-301F-11D3-BF4B-00C04F79EFBC}") = "POP_WIP_501(라벨출력)", "..\MES\03.생산관리\POP_WIP_501(라벨출력)\POP_WIP_501(라벨출력).csproj", "{C9AFB7C9-4FCF-4893-9768-51F219528880}"
EndProject
Project("{FAE04EC0-301F-11D3-BF4B-00C04F79EFBC}") = "MES_IMP_100(수입검사의뢰)", "..\MES\04.품질관리\MES_IMP_100(수입검사의뢰)\MES_IMP_100(수입검사의뢰).csproj", "{25623BA7-CBE7-4AA5-BDB5-54922088AD4B}"
EndProject
Project("{FAE04EC0-301F-11D3-BF4B-00C04F79EFBC}") = "MES_IMP_101(수입검사등록)", "..\MES\04.품질관리\MES_IMP_101(수입검사등록)\MES_IMP_101(수입검사등록).csproj", "{07C78175-788E-432F-9BE5-E505C3691307}"
EndProject
Project("{FAE04EC0-301F-11D3-BF4B-00C04F79EFBC}") = "MES_IMP_102(수입검사취소)", "..\MES\04.품질관리\MES_IMP_102(수입검사취소)\MES_IMP_102(수입검사취소).csproj", "{B6E0DB79-8DE1-46A9-AD68-92E6041B508A}"
EndProject
Project("{FAE04EC0-301F-11D3-BF4B-00C04F79EFBC}") = "MES_IMP_103(수입검사현황)", "..\MES\04.품질관리\MES_IMP_103(수입검사현황)\MES_IMP_103(수입검사현황).csproj", "{C3C9BEB2-4A7C-4ED9-AA11-5E9623B3E35F}"
EndProject
Project("{FAE04EC0-301F-11D3-BF4B-00C04F79EFBC}") = "MES_IMP_105(수입검사이력현황)", "..\MES\04.품질관리\MES_IMP_105(수입검사이력현황)\MES_IMP_105(수입검사이력현황).csproj", "{1A2635AF-33D3-4150-B977-04026BAB18C9}"
EndProject
Project("{FAE04EC0-301F-11D3-BF4B-00C04F79EFBC}") = "MES_SHP_105(출하검사의뢰)", "..\MES\04.품질관리\MES_SHP_105(출하검사의뢰)\MES_SHP_105(출하검사의뢰).csproj", "{442923D7-9DD0-4DA8-A61A-3C64C9BB446C}"
EndProject
Project("{FAE04EC0-301F-11D3-BF4B-00C04F79EFBC}") = "MES_SHP_106(출하검사등록)", "..\MES\04.품질관리\MES_SHP_106(출하검사등록)\MES_SHP_106(출하검사등록).csproj", "{23D2F55F-DDCB-45E0-95B1-6529421C113C}"
EndProject
Project("{FAE04EC0-301F-11D3-BF4B-00C04F79EFBC}") = "MES_SHP_107(출하검사취소)", "..\MES\04.품질관리\MES_SHP_107(출하검사취소)\MES_SHP_107(출하검사취소).csproj", "{6356C922-7C98-4C3D-8471-306BBBA544B1}"
EndProject
Project("{FAE04EC0-301F-11D3-BF4B-00C04F79EFBC}") = "MES_SHP_108(출하검사현황)", "..\MES\04.품질관리\MES_SHP_108(출하검사현황)\MES_SHP_108(출하검사현황).csproj", "{13443328-9755-48C4-9364-B6A42AECF537}"
EndProject
Project("{FAE04EC0-301F-11D3-BF4B-00C04F79EFBC}") = "MES_SHP_110(출하검사이력현황)", "..\MES\04.품질관리\MES_SHP_110(출하검사이력현황)\MES_SHP_110(출하검사이력현황).csproj", "{31D5D93C-D1B4-4D42-AAA1-B696346999DB}"
EndProject
Project("{FAE04EC0-301F-11D3-BF4B-00C04F79EFBC}") = "POP_WIP_204(불량현황조회)", "..\MES\04.품질관리\POP_WIP_204(불량현황조회)\POP_WIP_204(불량현황조회).csproj", "{600FE68F-F339-4C00-BD83-947DC9889EFA}"
EndProject
Project("{FAE04EC0-301F-11D3-BF4B-00C04F79EFBC}") = "POP_WIP_207(공정별검사현황)", "..\MES\04.품질관리\POP_WIP_207(공정별검사현황)\POP_WIP_207(공정별검사현황).csproj", "{DA9C01C6-1076-4054-8EE4-677D812127F1}"
EndProject
Project("{FAE04EC0-301F-11D3-BF4B-00C04F79EFBC}") = "MES_MON_101(라인모니터링)", "..\MES\05.모니터링\MES_MON_101(라인모니터링)\MES_MON_101(라인모니터링).csproj", "{5A1A8BC5-7A98-4DE3-B72A-816E195C761E}"
EndProject
Project("{FAE04EC0-301F-11D3-BF4B-00C04F79EFBC}") = "MES_MON_102(재공모니터링)", "..\MES\05.모니터링\MES_MON_102(재공모니터링)\MES_MON_102(재공모니터링).csproj", "{D7A4C8E9-D7DC-4DDF-A2AF-C91AA794096D}"
EndProject
Project("{FAE04EC0-301F-11D3-BF4B-00C04F79EFBC}") = "MES_MON_103(불량모니터링)", "..\MES\05.모니터링\MES_MON_103(불량모니터링)\MES_MON_103(불량모니터링).csproj", "{542896CD-A0E4-44E1-9813-34E10EC2A1A8}"
EndProject
Project("{FAE04EC0-301F-11D3-BF4B-00C04F79EFBC}") = "MES_MON_104(수입출하검사모니터링)", "..\MES\05.모니터링\MES_MON_104(수입출하검사모니터링)\MES_MON_104(수입출하검사모니터링).csproj", "{48C4968B-61C0-4F81-AA94-D292D1A596D8}"
EndProject
Project("{FAE04EC0-301F-11D3-BF4B-00C04F79EFBC}") = "MES_ANY_102(추적관리)", "..\MES\07.분석정보\MES_ANY_102(추적관리)\MES_ANY_102(추적관리).csproj", "{21F67A0E-49C7-476A-A657-EC0B5BC865A6}"
EndProject
Project("{FAE04EC0-301F-11D3-BF4B-00C04F79EFBC}") = "MES_ANY_103(시간대별생산량)", "..\MES\07.분석정보\MES_ANY_103(시간대별생산량)\MES_ANY_103(시간대별생산량).csproj", "{1E10B737-4206-4252-8664-B66B0B753F61}"
EndProject
Project("{FAE04EC0-301F-11D3-BF4B-00C04F79EFBC}") = "MES_ANY_105(공장별현황)", "..\MES\07.분석정보\MES_ANY_105(공장별현황)\MES_ANY_105(공장별현황).csproj", "{ABBC820B-AC29-43A1-9B5F-37EC9466D229}"
EndProject
Project("{FAE04EC0-301F-11D3-BF4B-00C04F79EFBC}") = "MES_RPT_101(4M변경의뢰서관리)", "..\MES\08.보고서관리\MES_RPT_101(4M변경의뢰서관리)\MES_RPT_101(4M변경의뢰서관리).csproj", "{D3DB9C19-A59B-45A6-A47C-960F347A897B}"
EndProject
Project("{FAE04EC0-301F-11D3-BF4B-00C04F79EFBC}") = "MES_MASK_104(마스크,스퀴즈 사용 관리)", "..\MES\09.마스크관리\MES_MASK_104(마스크,스퀴즈 사용관리)\MES_MASK_104(마스크,스퀴즈 사용 관리).csproj", "{E457F346-AF86-4AF7-8708-976552F039EA}"
EndProject
Project("{FAE04EC0-301F-11D3-BF4B-00C04F79EFBC}") = "MES_BASIC_11(마스크 관리)", "..\MES\09.마스크관리\POP_BASIC_11(마스크 관리)\MES_BASIC_11(마스크 관리).csproj", "{F4BFFD75-F410-4490-8177-97684C08D3BF}"
EndProject
Project("{FAE04EC0-301F-11D3-BF4B-00C04F79EFBC}") = "MES_BASIC_13(스퀴지 관리)", "..\MES\09.마스크관리\POP_BASIC_13(스퀴지 관리)\MES_BASIC_13(스퀴지 관리).csproj", "{D8614313-5AF4-427A-A36B-834BA1E696B9}"
EndProject
Project("{FAE04EC0-301F-11D3-BF4B-00C04F79EFBC}") = "POP_MAT_15(마스크텐션관리)", "..\MES\09.마스크관리\POP_MAT_15(마스크텐션관리)\POP_MAT_15(마스크텐션관리).csproj", "{5A46F48B-E126-4AB7-AB74-288AD8315CE3}"
EndProject
Project("{FAE04EC0-301F-11D3-BF4B-00C04F79EFBC}") = "POP_MAT_19(마스크폐기이력관리)", "..\MES\09.마스크관리\POP_MAT_19(마스크폐기이력관리)\POP_MAT_19(마스크폐기이력관리).csproj", "{A79D80ED-4024-454B-AE90-29A06A48DC62}"
EndProject
Project("{FAE04EC0-301F-11D3-BF4B-00C04F79EFBC}") = "POP_MAT_10(솔더입고)", "..\MES\10.솔더관리\POP_MAT_10(솔더입고)\POP_MAT_10(솔더입고).csproj", "{BB4A38F0-D36D-4BA0-BBC9-5FDE227D1769}"
EndProject
Project("{FAE04EC0-301F-11D3-BF4B-00C04F79EFBC}") = "POP_MAT_11(솔더출고)", "..\MES\10.솔더관리\POP_MAT_11(솔더출고)\POP_MAT_11(솔더출고).csproj", "{02A38ADA-083C-4197-A1FB-9557A0F32F38}"
EndProject
Project("{FAE04EC0-301F-11D3-BF4B-00C04F79EFBC}") = "POP_MAT_12(솔더교반)", "..\MES\10.솔더관리\POP_MAT_12(솔더교반)\POP_MAT_12(솔더교반).csproj", "{4001946B-978A-44AA-8DF7-6EB0F1B9A9CE}"
EndProject
Project("{FAE04EC0-301F-11D3-BF4B-00C04F79EFBC}") = "POP_MAT_13(솔더폐기)", "..\MES\10.솔더관리\POP_MAT_13(솔더폐기)\POP_MAT_13(솔더폐기).csproj", "{A4006C99-6CBC-4645-9D60-A4B5FD1893B9}"
EndProject
Project("{FAE04EC0-301F-11D3-BF4B-00C04F79EFBC}") = "POP_MAT_14(솔더현황)", "..\MES\10.솔더관리\POP_MAT_14(솔더현황)\POP_MAT_14(솔더현황).csproj", "{EA225A8D-4622-4B37-85B9-C3CA38F731CC}"
EndProject
Project("{FAE04EC0-301F-11D3-BF4B-00C04F79EFBC}") = "LOGIN", "..\LOGIN\LOGIN.csproj", "{88A3E819-AD8A-4FF9-89C0-AD08DD520104}"
EndProject
Project("{2150E333-8FDC-42A3-9474-1A3956D46DE8}") = "00.SYSTEM", "00.SYSTEM", "{86CDD23E-B53F-4532-BF24-196AA6F2A5F9}"
EndProject
Project("{2150E333-8FDC-42A3-9474-1A3956D46DE8}") = "11.공정관리", "11.공정관리", "{D27A421D-5FF6-4B97-9E0B-EABE399C3C0E}"
EndProject
Project("{FAE04EC0-301F-11D3-BF4B-00C04F79EFBC}") = "POP_WIP_601(작업시작)", "..\MES\11.공정관리\POP_WIP_601\POP_WIP_601(작업시작).csproj", "{047D0CB4-A96B-427A-88DA-0F9EB63234F9}"
EndProject
Project("{FAE04EC0-301F-11D3-BF4B-00C04F79EFBC}") = "POP_WIP_602(검사작업)", "..\MES\11.공정관리\POP_WIP_602\POP_WIP_602(검사작업).csproj", "{99DC60A8-71CB-48BB-AF3E-AB47F95F8F58}"
EndProject
Project("{2150E333-8FDC-42A3-9474-1A3956D46DE8}") = "SUB", "SUB", "{FC12739D-811D-4ACB-9F45-30B604A2E301}"
EndProject
Project("{FAE04EC0-301F-11D3-BF4B-00C04F79EFBC}") = "POP_WIP_MEASURE_SUB(OK,NG측정 SUB)", "..\MES\11.공정관리\SUB\POP_WIP_MEASURE_SUB\POP_WIP_MEASURE_SUB(OK,NG측정 SUB).csproj", "{33FD5ABC-3866-434F-A927-5B10DCE12684}"
EndProject
Project("{FAE04EC0-301F-11D3-BF4B-00C04F79EFBC}") = "POP_WIP_603(리워크)", "..\MES\11.공정관리\POP_WIP_603(리워크)\POP_WIP_603(리워크).csproj", "{40D87046-09DB-4D30-A152-EF047C408731}"
EndProject
Project("{FAE04EC0-301F-11D3-BF4B-00C04F79EFBC}") = "POP_WIP_REWORK_SUB", "..\MES\11.공정관리\SUB\POP_WIP_REWORK_SUB\POP_WIP_REWORK_SUB.csproj", "{61552292-B786-422B-9ADB-87EAE063A931}"
EndProject
Project("{FAE04EC0-301F-11D3-BF4B-00C04F79EFBC}") = "POP_WIP_REWORK_SUB2", "..\MES\11.공정관리\SUB\POP_WIP_REWORK_SUB2\POP_WIP_REWORK_SUB2.csproj", "{C58056F7-E84C-49AB-B8EB-846630574824}"
EndProject
Project("{FAE04EC0-301F-11D3-BF4B-00C04F79EFBC}") = "POP_WIP_MEASURE_RPT_SUB(체크시트 리스트)", "..\MES\11.공정관리\SUB\POP_WIP_MEASURE_RPT_SUB\POP_WIP_MEASURE_RPT_SUB(체크시트 리스트).csproj", "{7501540E-CB89-449B-83CC-83CA7897450A}"
EndProject
Project("{FAE04EC0-301F-11D3-BF4B-00C04F79EFBC}") = "POP_WIP_SCAN_SUB(수량 입력)", "..\MES\11.공정관리\SUB\POP_WIP_SCAN_SUB\POP_WIP_SCAN_SUB(수량 입력).csproj", "{1E8C8716-F5C4-42D7-BC28-EC1EC3E6BA86}"
EndProject
Project("{FAE04EC0-301F-11D3-BF4B-00C04F79EFBC}") = "POP_WIP_604(라인이상신고)", "..\MES\11.공정관리\POP_WIP_604(라인이상신고)\POP_WIP_604(라인이상신고).csproj", "{F29B8A20-C8E4-42A8-A60D-0279449BA4F2}"
EndProject
Project("{FAE04EC0-301F-11D3-BF4B-00C04F79EFBC}") = "POP_WIP_605(라인조치착수)", "..\MES\11.공정관리\POP_WIP_605(라인조치착수)\POP_WIP_605(라인조치착수).csproj", "{65481229-169E-444C-AF38-80CBA207F67D}"
EndProject
Project("{FAE04EC0-301F-11D3-BF4B-00C04F79EFBC}") = "MES_BASIC_07(업체기준정보)", "..\MES\01.기준정보\MES_BASIC_07(업체기준정보)_new\MES_BASIC_07(업체기준정보).csproj", "{3EB97704-BB05-40FF-A358-992CC379ED0D}"
EndProject
Project("{FAE04EC0-301F-11D3-BF4B-00C04F79EFBC}") = "MES_BASIC_08(자재기준정보)", "..\MES\01.기준정보\MES_BASIC_08(자재기준정보)_new\MES_BASIC_08(자재기준정보).csproj", "{3A47D7F1-F192-40D9-BD6A-707E5EFB4420}"
EndProject
Project("{FAE04EC0-301F-11D3-BF4B-00C04F79EFBC}") = "MES_BASIC_09(제품기준정보)", "..\MES\01.기준정보\MES_BASIC_09(제품기준정보)_new\MES_BASIC_09(제품기준정보).csproj", "{2968D2B7-016A-4B18-945F-941A8B3C0741}"
EndProject
Project("{FAE04EC0-301F-11D3-BF4B-00C04F79EFBC}") = "MES_BASIC_24(제품BOM)", "..\MES\01.기준정보\MES_BASIC_24(제품BOM)\MES_BASIC_24(제품BOM).csproj", "{2C584BC7-F3DA-4F23-A102-0BBC4FB42E1F}"
EndProject
Project("{FAE04EC0-301F-11D3-BF4B-00C04F79EFBC}") = "MES_BASIC_25(사급도급BOM)", "..\MES\01.기준정보\MES_BASIC_25(사급도급BOM)\MES_BASIC_25(사급도급BOM).csproj", "{B60167D7-CA8E-4FDC-A383-927D8960429B}"
EndProject
Project("{FAE04EC0-301F-11D3-BF4B-00C04F79EFBC}") = "POP_WIP_110(수주정보관리_new)", "..\MES\03.생산관리\POP_WIP_110(수주정보관리_new)\POP_WIP_110(수주정보관리_new).csproj", "{DA2B9941-B4AB-4500-A1FF-B4483DF5C419}"
EndProject
Project("{FAE04EC0-301F-11D3-BF4B-00C04F79EFBC}") = "COM_MYMENU", "..\MES\00.SYSTEM\COM_MYMENU\COM_MYMENU.csproj", "{279D7B98-6188-4CD0-84E0-EED65EFFC4C7}"
EndProject
Project("{FAE04EC0-301F-11D3-BF4B-00C04F79EFBC}") = "L_COM_GRID(그리드정보관리)", "..\MES\00.SYSTEM\L_COM_GRID(그리드정보관리)\L_COM_GRID(그리드정보관리).csproj", "{D16E2B05-1BD0-4EC8-BFAB-884CD86200A7}"
EndProject
Project("{FAE04EC0-301F-11D3-BF4B-00C04F79EFBC}") = "L_MST_ADMIN_MENU(메뉴정보관리)", "..\MES\00.SYSTEM\L_MST_ADMIN_MENU(메뉴정보관리)\L_MST_ADMIN_MENU(메뉴정보관리).csproj", "{E29A47A0-3DD7-4328-9EC6-FD9EC86792B7}"
EndProject
Project("{FAE04EC0-301F-11D3-BF4B-00C04F79EFBC}") = "L_MST_LOGIN_HIS(로그인이력조회)", "..\MES\00.SYSTEM\L_MST_LOGIN_HIS(로그인이력조회)\L_MST_LOGIN_HIS(로그인이력조회).csproj", "{8D348CCF-B3D9-40BF-BB3B-CB15F62B08CE}"
EndProject
Project("{FAE04EC0-301F-11D3-BF4B-00C04F79EFBC}") = "MES_SHP_100(출하처리(서울반도체))", "..\MES\06.출하관리\MES_SHP_100(출하처리)\MES_SHP_100(출하처리(서울반도체)).csproj", "{D3BFDAC4-FAE1-4C6D-B07E-268533F94045}"
EndProject
Project("{FAE04EC0-301F-11D3-BF4B-00C04F79EFBC}") = "MES_SHP_101(출하처리(삼성))", "..\MES\06.출하관리\MES_SHP_101(출하처리(삼성))\MES_SHP_101(출하처리(삼성)).csproj", "{05AB57DE-D729-4887-B13C-D349D8451577}"
EndProject
Project("{FAE04EC0-301F-11D3-BF4B-00C04F79EFBC}") = "MES_SHP_104(출하현황조회)", "..\MES\06.출하관리\MES_SHP_104(출하현황조회)\MES_SHP_104(출하현황조회).csproj", "{6A47B206-5C05-43A5-82A2-7DC761D3E148}"
EndProject
Project("{FAE04EC0-301F-11D3-BF4B-00C04F79EFBC}") = "MES_SHP_112(박스LOT 출력)", "..\MES\06.출하관리\MES_SHP_112(박스LOT 출력)\MES_SHP_112(박스LOT 출력).csproj", "{5AE01C0C-569C-403B-91D6-B264AA6833E1}"
EndProject
Project("{FAE04EC0-301F-11D3-BF4B-00C04F79EFBC}") = "MES_SHP_114(출하처리(서울반도체) new)", "..\MES\06.출하관리\MES_SHP_114(출하처리 new)\MES_SHP_114(출하처리(서울반도체) new).csproj", "{BE48E0F3-D1E0-460B-9D29-B32F88E1B3E4}"
EndProject
Project("{FAE04EC0-301F-11D3-BF4B-00C04F79EFBC}") = "POP_WIP_103(WO관리)", "..\MES\03.생산관리\POP_WIP_103(WO관리)\POP_WIP_103(WO관리).csproj", "{AF5C9910-0BFE-4545-BCF7-21FC9E04B70A}"
EndProject
Global
	GlobalSection(SolutionConfigurationPlatforms) = preSolution
		Debug|Any CPU = Debug|Any CPU
		Release|Any CPU = Release|Any CPU
	EndGlobalSection
	GlobalSection(ProjectConfigurationPlatforms) = postSolution
		{F7FF5959-328C-4CB6-A4BD-C8F4926416E6}.Debug|Any CPU.ActiveCfg = Debug|Any CPU
		{F7FF5959-328C-4CB6-A4BD-C8F4926416E6}.Debug|Any CPU.Build.0 = Debug|Any CPU
		{F7FF5959-328C-4CB6-A4BD-C8F4926416E6}.Release|Any CPU.ActiveCfg = Release|Any CPU
		{F7FF5959-328C-4CB6-A4BD-C8F4926416E6}.Release|Any CPU.Build.0 = Release|Any CPU
		{CFDEC89F-6AE7-4337-9BAE-5586DD1C3D3F}.Debug|Any CPU.ActiveCfg = Debug|Any CPU
		{CFDEC89F-6AE7-4337-9BAE-5586DD1C3D3F}.Debug|Any CPU.Build.0 = Debug|Any CPU
		{CFDEC89F-6AE7-4337-9BAE-5586DD1C3D3F}.Release|Any CPU.ActiveCfg = Release|Any CPU
		{CFDEC89F-6AE7-4337-9BAE-5586DD1C3D3F}.Release|Any CPU.Build.0 = Release|Any CPU
		{E0CBC102-2465-4B30-92AB-FF9D9489766D}.Debug|Any CPU.ActiveCfg = Debug|Any CPU
		{E0CBC102-2465-4B30-92AB-FF9D9489766D}.Debug|Any CPU.Build.0 = Debug|Any CPU
		{E0CBC102-2465-4B30-92AB-FF9D9489766D}.Release|Any CPU.ActiveCfg = Release|Any CPU
		{E0CBC102-2465-4B30-92AB-FF9D9489766D}.Release|Any CPU.Build.0 = Release|Any CPU
		{1CD994B6-9285-4D87-9ED2-3BDAF96DD81C}.Debug|Any CPU.ActiveCfg = Debug|Any CPU
		{1CD994B6-9285-4D87-9ED2-3BDAF96DD81C}.Debug|Any CPU.Build.0 = Debug|Any CPU
		{1CD994B6-9285-4D87-9ED2-3BDAF96DD81C}.Release|Any CPU.ActiveCfg = Release|Any CPU
		{1CD994B6-9285-4D87-9ED2-3BDAF96DD81C}.Release|Any CPU.Build.0 = Release|Any CPU
		{F5422991-44BE-4988-8773-8D91CD74D9D4}.Debug|Any CPU.ActiveCfg = Debug|Any CPU
		{F5422991-44BE-4988-8773-8D91CD74D9D4}.Debug|Any CPU.Build.0 = Debug|Any CPU
		{F5422991-44BE-4988-8773-8D91CD74D9D4}.Release|Any CPU.ActiveCfg = Release|Any CPU
		{F5422991-44BE-4988-8773-8D91CD74D9D4}.Release|Any CPU.Build.0 = Release|Any CPU
		{BB7DFD20-C6FE-4C1F-A5F7-4FFD5EC403C9}.Debug|Any CPU.ActiveCfg = Debug|Any CPU
		{BB7DFD20-C6FE-4C1F-A5F7-4FFD5EC403C9}.Debug|Any CPU.Build.0 = Debug|Any CPU
		{BB7DFD20-C6FE-4C1F-A5F7-4FFD5EC403C9}.Release|Any CPU.ActiveCfg = Release|Any CPU
		{BB7DFD20-C6FE-4C1F-A5F7-4FFD5EC403C9}.Release|Any CPU.Build.0 = Release|Any CPU
		{E7491304-15F8-4A36-A1E2-54829D26F4CE}.Debug|Any CPU.ActiveCfg = Debug|Any CPU
		{E7491304-15F8-4A36-A1E2-54829D26F4CE}.Debug|Any CPU.Build.0 = Debug|Any CPU
		{E7491304-15F8-4A36-A1E2-54829D26F4CE}.Release|Any CPU.ActiveCfg = Release|Any CPU
		{E7491304-15F8-4A36-A1E2-54829D26F4CE}.Release|Any CPU.Build.0 = Release|Any CPU
		{CFC512B4-E61C-45D7-A662-5CC783D7B9B5}.Debug|Any CPU.ActiveCfg = Debug|Any CPU
		{CFC512B4-E61C-45D7-A662-5CC783D7B9B5}.Debug|Any CPU.Build.0 = Debug|Any CPU
		{CFC512B4-E61C-45D7-A662-5CC783D7B9B5}.Release|Any CPU.ActiveCfg = Release|Any CPU
		{CFC512B4-E61C-45D7-A662-5CC783D7B9B5}.Release|Any CPU.Build.0 = Release|Any CPU
		{907039DB-EB87-4E27-97BE-ACBF680D3721}.Debug|Any CPU.ActiveCfg = Debug|Any CPU
		{907039DB-EB87-4E27-97BE-ACBF680D3721}.Debug|Any CPU.Build.0 = Debug|Any CPU
		{907039DB-EB87-4E27-97BE-ACBF680D3721}.Release|Any CPU.ActiveCfg = Release|Any CPU
		{907039DB-EB87-4E27-97BE-ACBF680D3721}.Release|Any CPU.Build.0 = Release|Any CPU
		{03A5A341-B7AB-4BA9-B445-A08C1309BE8F}.Debug|Any CPU.ActiveCfg = Debug|Any CPU
		{03A5A341-B7AB-4BA9-B445-A08C1309BE8F}.Debug|Any CPU.Build.0 = Debug|Any CPU
		{03A5A341-B7AB-4BA9-B445-A08C1309BE8F}.Release|Any CPU.ActiveCfg = Release|Any CPU
		{03A5A341-B7AB-4BA9-B445-A08C1309BE8F}.Release|Any CPU.Build.0 = Release|Any CPU
		{E7E65A36-8C0D-4C8F-8846-41A647F8E9E8}.Debug|Any CPU.ActiveCfg = Debug|Any CPU
		{E7E65A36-8C0D-4C8F-8846-41A647F8E9E8}.Debug|Any CPU.Build.0 = Debug|Any CPU
		{E7E65A36-8C0D-4C8F-8846-41A647F8E9E8}.Release|Any CPU.ActiveCfg = Release|Any CPU
		{E7E65A36-8C0D-4C8F-8846-41A647F8E9E8}.Release|Any CPU.Build.0 = Release|Any CPU
		{31273896-7C8D-44D7-A0F5-FF1BFE24C836}.Debug|Any CPU.ActiveCfg = Debug|Any CPU
		{31273896-7C8D-44D7-A0F5-FF1BFE24C836}.Debug|Any CPU.Build.0 = Debug|Any CPU
		{31273896-7C8D-44D7-A0F5-FF1BFE24C836}.Release|Any CPU.ActiveCfg = Release|Any CPU
		{31273896-7C8D-44D7-A0F5-FF1BFE24C836}.Release|Any CPU.Build.0 = Release|Any CPU
		{1ADC40BE-A69B-44C7-9D55-9E02380B7F34}.Debug|Any CPU.ActiveCfg = Debug|Any CPU
		{1ADC40BE-A69B-44C7-9D55-9E02380B7F34}.Debug|Any CPU.Build.0 = Debug|Any CPU
		{1ADC40BE-A69B-44C7-9D55-9E02380B7F34}.Release|Any CPU.ActiveCfg = Release|Any CPU
		{1ADC40BE-A69B-44C7-9D55-9E02380B7F34}.Release|Any CPU.Build.0 = Release|Any CPU
		{AF7268A4-E2CB-44A4-8A14-8923B96E7FBB}.Debug|Any CPU.ActiveCfg = Debug|Any CPU
		{AF7268A4-E2CB-44A4-8A14-8923B96E7FBB}.Debug|Any CPU.Build.0 = Debug|Any CPU
		{AF7268A4-E2CB-44A4-8A14-8923B96E7FBB}.Release|Any CPU.ActiveCfg = Release|Any CPU
		{AF7268A4-E2CB-44A4-8A14-8923B96E7FBB}.Release|Any CPU.Build.0 = Release|Any CPU
		{7D30B581-3993-44BA-8F4A-6EE19BC503EA}.Debug|Any CPU.ActiveCfg = Debug|Any CPU
		{7D30B581-3993-44BA-8F4A-6EE19BC503EA}.Debug|Any CPU.Build.0 = Debug|Any CPU
		{7D30B581-3993-44BA-8F4A-6EE19BC503EA}.Release|Any CPU.ActiveCfg = Release|Any CPU
		{7D30B581-3993-44BA-8F4A-6EE19BC503EA}.Release|Any CPU.Build.0 = Release|Any CPU
		{269D5ED4-E0BC-434E-B300-04BD19B29094}.Debug|Any CPU.ActiveCfg = Debug|Any CPU
		{269D5ED4-E0BC-434E-B300-04BD19B29094}.Debug|Any CPU.Build.0 = Debug|Any CPU
		{269D5ED4-E0BC-434E-B300-04BD19B29094}.Release|Any CPU.ActiveCfg = Release|Any CPU
		{269D5ED4-E0BC-434E-B300-04BD19B29094}.Release|Any CPU.Build.0 = Release|Any CPU
		{442959E7-9D75-47D1-BF35-A2072BC30151}.Debug|Any CPU.ActiveCfg = Debug|Any CPU
		{442959E7-9D75-47D1-BF35-A2072BC30151}.Debug|Any CPU.Build.0 = Debug|Any CPU
		{442959E7-9D75-47D1-BF35-A2072BC30151}.Release|Any CPU.ActiveCfg = Release|Any CPU
		{442959E7-9D75-47D1-BF35-A2072BC30151}.Release|Any CPU.Build.0 = Release|Any CPU
		{DD69BB85-B2D2-4A85-9D07-C4C2B1010BCD}.Debug|Any CPU.ActiveCfg = Debug|Any CPU
		{DD69BB85-B2D2-4A85-9D07-C4C2B1010BCD}.Debug|Any CPU.Build.0 = Debug|Any CPU
		{DD69BB85-B2D2-4A85-9D07-C4C2B1010BCD}.Release|Any CPU.ActiveCfg = Release|Any CPU
		{DD69BB85-B2D2-4A85-9D07-C4C2B1010BCD}.Release|Any CPU.Build.0 = Release|Any CPU
		{90501EC8-BF6E-4A69-A705-D187BFAD131C}.Debug|Any CPU.ActiveCfg = Debug|Any CPU
		{90501EC8-BF6E-4A69-A705-D187BFAD131C}.Debug|Any CPU.Build.0 = Debug|Any CPU
		{90501EC8-BF6E-4A69-A705-D187BFAD131C}.Release|Any CPU.ActiveCfg = Release|Any CPU
		{90501EC8-BF6E-4A69-A705-D187BFAD131C}.Release|Any CPU.Build.0 = Release|Any CPU
		{BAED8AF2-560D-411F-98F5-3EC8F0587D40}.Debug|Any CPU.ActiveCfg = Debug|Any CPU
		{BAED8AF2-560D-411F-98F5-3EC8F0587D40}.Debug|Any CPU.Build.0 = Debug|Any CPU
		{BAED8AF2-560D-411F-98F5-3EC8F0587D40}.Release|Any CPU.ActiveCfg = Release|Any CPU
		{BAED8AF2-560D-411F-98F5-3EC8F0587D40}.Release|Any CPU.Build.0 = Release|Any CPU
		{8CF597C0-2E36-4D4C-B285-EC47A73AEAC9}.Debug|Any CPU.ActiveCfg = Debug|Any CPU
		{8CF597C0-2E36-4D4C-B285-EC47A73AEAC9}.Debug|Any CPU.Build.0 = Debug|Any CPU
		{8CF597C0-2E36-4D4C-B285-EC47A73AEAC9}.Release|Any CPU.ActiveCfg = Release|Any CPU
		{8CF597C0-2E36-4D4C-B285-EC47A73AEAC9}.Release|Any CPU.Build.0 = Release|Any CPU
		{3A3EF0A2-5ADF-4F63-A35E-9BEDC8427890}.Debug|Any CPU.ActiveCfg = Debug|Any CPU
		{3A3EF0A2-5ADF-4F63-A35E-9BEDC8427890}.Debug|Any CPU.Build.0 = Debug|Any CPU
		{3A3EF0A2-5ADF-4F63-A35E-9BEDC8427890}.Release|Any CPU.ActiveCfg = Release|Any CPU
		{3A3EF0A2-5ADF-4F63-A35E-9BEDC8427890}.Release|Any CPU.Build.0 = Release|Any CPU
		{553B3089-84F0-46A9-86BA-C3ECAAAE2742}.Debug|Any CPU.ActiveCfg = Debug|Any CPU
		{553B3089-84F0-46A9-86BA-C3ECAAAE2742}.Debug|Any CPU.Build.0 = Debug|Any CPU
		{553B3089-84F0-46A9-86BA-C3ECAAAE2742}.Release|Any CPU.ActiveCfg = Release|Any CPU
		{553B3089-84F0-46A9-86BA-C3ECAAAE2742}.Release|Any CPU.Build.0 = Release|Any CPU
		{1414CB57-77C0-47EC-9DC5-38D0F6881165}.Debug|Any CPU.ActiveCfg = Debug|Any CPU
		{1414CB57-77C0-47EC-9DC5-38D0F6881165}.Debug|Any CPU.Build.0 = Debug|Any CPU
		{1414CB57-77C0-47EC-9DC5-38D0F6881165}.Release|Any CPU.ActiveCfg = Release|Any CPU
		{1414CB57-77C0-47EC-9DC5-38D0F6881165}.Release|Any CPU.Build.0 = Release|Any CPU
		{E8B27CE4-9F2C-4A05-91FC-B1DD184BAE1E}.Debug|Any CPU.ActiveCfg = Debug|Any CPU
		{E8B27CE4-9F2C-4A05-91FC-B1DD184BAE1E}.Debug|Any CPU.Build.0 = Debug|Any CPU
		{E8B27CE4-9F2C-4A05-91FC-B1DD184BAE1E}.Release|Any CPU.ActiveCfg = Release|Any CPU
		{E8B27CE4-9F2C-4A05-91FC-B1DD184BAE1E}.Release|Any CPU.Build.0 = Release|Any CPU
		{4DAA69CB-5FA4-48B5-BA30-CD64DACA73BA}.Debug|Any CPU.ActiveCfg = Debug|Any CPU
		{4DAA69CB-5FA4-48B5-BA30-CD64DACA73BA}.Debug|Any CPU.Build.0 = Debug|Any CPU
		{4DAA69CB-5FA4-48B5-BA30-CD64DACA73BA}.Release|Any CPU.ActiveCfg = Release|Any CPU
		{4DAA69CB-5FA4-48B5-BA30-CD64DACA73BA}.Release|Any CPU.Build.0 = Release|Any CPU
		{F06443B1-3617-4FF6-AC88-4EEEEE5FDDD5}.Debug|Any CPU.ActiveCfg = Debug|Any CPU
		{F06443B1-3617-4FF6-AC88-4EEEEE5FDDD5}.Debug|Any CPU.Build.0 = Debug|Any CPU
		{F06443B1-3617-4FF6-AC88-4EEEEE5FDDD5}.Release|Any CPU.ActiveCfg = Release|Any CPU
		{F06443B1-3617-4FF6-AC88-4EEEEE5FDDD5}.Release|Any CPU.Build.0 = Release|Any CPU
		{B008136F-7186-4C0B-847B-9BBD25A74677}.Debug|Any CPU.ActiveCfg = Debug|Any CPU
		{B008136F-7186-4C0B-847B-9BBD25A74677}.Debug|Any CPU.Build.0 = Debug|Any CPU
		{B008136F-7186-4C0B-847B-9BBD25A74677}.Release|Any CPU.ActiveCfg = Release|Any CPU
		{B008136F-7186-4C0B-847B-9BBD25A74677}.Release|Any CPU.Build.0 = Release|Any CPU
		{9EF0DC0B-E9E1-4606-9C5A-D0B200BB7C39}.Debug|Any CPU.ActiveCfg = Debug|Any CPU
		{9EF0DC0B-E9E1-4606-9C5A-D0B200BB7C39}.Debug|Any CPU.Build.0 = Debug|Any CPU
		{9EF0DC0B-E9E1-4606-9C5A-D0B200BB7C39}.Release|Any CPU.ActiveCfg = Release|Any CPU
		{9EF0DC0B-E9E1-4606-9C5A-D0B200BB7C39}.Release|Any CPU.Build.0 = Release|Any CPU
		{8C5FFB58-8ED0-41B5-9101-D7297203720F}.Debug|Any CPU.ActiveCfg = Debug|Any CPU
		{8C5FFB58-8ED0-41B5-9101-D7297203720F}.Debug|Any CPU.Build.0 = Debug|Any CPU
		{8C5FFB58-8ED0-41B5-9101-D7297203720F}.Release|Any CPU.ActiveCfg = Release|Any CPU
		{8C5FFB58-8ED0-41B5-9101-D7297203720F}.Release|Any CPU.Build.0 = Release|Any CPU
		{60154FD3-950B-4052-8512-58D63DB23E05}.Debug|Any CPU.ActiveCfg = Debug|Any CPU
		{60154FD3-950B-4052-8512-58D63DB23E05}.Debug|Any CPU.Build.0 = Debug|Any CPU
		{60154FD3-950B-4052-8512-58D63DB23E05}.Release|Any CPU.ActiveCfg = Release|Any CPU
		{60154FD3-950B-4052-8512-58D63DB23E05}.Release|Any CPU.Build.0 = Release|Any CPU
		{005C7E51-8DED-4303-8948-9FB6F7769F7C}.Debug|Any CPU.ActiveCfg = Debug|Any CPU
		{005C7E51-8DED-4303-8948-9FB6F7769F7C}.Debug|Any CPU.Build.0 = Debug|Any CPU
		{005C7E51-8DED-4303-8948-9FB6F7769F7C}.Release|Any CPU.ActiveCfg = Release|Any CPU
		{005C7E51-8DED-4303-8948-9FB6F7769F7C}.Release|Any CPU.Build.0 = Release|Any CPU
		{B367EF29-C58E-4416-868D-CD3C1F190757}.Debug|Any CPU.ActiveCfg = Debug|Any CPU
		{B367EF29-C58E-4416-868D-CD3C1F190757}.Debug|Any CPU.Build.0 = Debug|Any CPU
		{B367EF29-C58E-4416-868D-CD3C1F190757}.Release|Any CPU.ActiveCfg = Release|Any CPU
		{B367EF29-C58E-4416-868D-CD3C1F190757}.Release|Any CPU.Build.0 = Release|Any CPU
		{2840F68E-C4FE-4DC9-8058-231EC885FBD5}.Debug|Any CPU.ActiveCfg = Debug|Any CPU
		{2840F68E-C4FE-4DC9-8058-231EC885FBD5}.Debug|Any CPU.Build.0 = Debug|Any CPU
		{2840F68E-C4FE-4DC9-8058-231EC885FBD5}.Release|Any CPU.ActiveCfg = Release|Any CPU
		{2840F68E-C4FE-4DC9-8058-231EC885FBD5}.Release|Any CPU.Build.0 = Release|Any CPU
		{5D86F970-6571-42A4-9C8B-0F3C2F072608}.Debug|Any CPU.ActiveCfg = Debug|Any CPU
		{5D86F970-6571-42A4-9C8B-0F3C2F072608}.Debug|Any CPU.Build.0 = Debug|Any CPU
		{5D86F970-6571-42A4-9C8B-0F3C2F072608}.Release|Any CPU.ActiveCfg = Release|Any CPU
		{5D86F970-6571-42A4-9C8B-0F3C2F072608}.Release|Any CPU.Build.0 = Release|Any CPU
		{D261F97D-EC2B-4B36-8652-DC123B7D931B}.Debug|Any CPU.ActiveCfg = Debug|Any CPU
		{D261F97D-EC2B-4B36-8652-DC123B7D931B}.Debug|Any CPU.Build.0 = Debug|Any CPU
		{D261F97D-EC2B-4B36-8652-DC123B7D931B}.Release|Any CPU.ActiveCfg = Release|Any CPU
		{D261F97D-EC2B-4B36-8652-DC123B7D931B}.Release|Any CPU.Build.0 = Release|Any CPU
		{07B2FA82-B31E-4F99-AAE8-3CA5D3D6C546}.Debug|Any CPU.ActiveCfg = Debug|Any CPU
		{07B2FA82-B31E-4F99-AAE8-3CA5D3D6C546}.Debug|Any CPU.Build.0 = Debug|Any CPU
		{07B2FA82-B31E-4F99-AAE8-3CA5D3D6C546}.Release|Any CPU.ActiveCfg = Release|Any CPU
		{07B2FA82-B31E-4F99-AAE8-3CA5D3D6C546}.Release|Any CPU.Build.0 = Release|Any CPU
		{E3C500E6-7B25-466C-BEDE-C6EDEEC8AD6C}.Debug|Any CPU.ActiveCfg = Debug|Any CPU
		{E3C500E6-7B25-466C-BEDE-C6EDEEC8AD6C}.Debug|Any CPU.Build.0 = Debug|Any CPU
		{E3C500E6-7B25-466C-BEDE-C6EDEEC8AD6C}.Release|Any CPU.ActiveCfg = Release|Any CPU
		{E3C500E6-7B25-466C-BEDE-C6EDEEC8AD6C}.Release|Any CPU.Build.0 = Release|Any CPU
		{C9AFB7C9-4FCF-4893-9768-51F219528880}.Debug|Any CPU.ActiveCfg = Debug|Any CPU
		{C9AFB7C9-4FCF-4893-9768-51F219528880}.Debug|Any CPU.Build.0 = Debug|Any CPU
		{C9AFB7C9-4FCF-4893-9768-51F219528880}.Release|Any CPU.ActiveCfg = Release|Any CPU
		{C9AFB7C9-4FCF-4893-9768-51F219528880}.Release|Any CPU.Build.0 = Release|Any CPU
		{25623BA7-CBE7-4AA5-BDB5-54922088AD4B}.Debug|Any CPU.ActiveCfg = Debug|Any CPU
		{25623BA7-CBE7-4AA5-BDB5-54922088AD4B}.Debug|Any CPU.Build.0 = Debug|Any CPU
		{25623BA7-CBE7-4AA5-BDB5-54922088AD4B}.Release|Any CPU.ActiveCfg = Release|Any CPU
		{25623BA7-CBE7-4AA5-BDB5-54922088AD4B}.Release|Any CPU.Build.0 = Release|Any CPU
		{07C78175-788E-432F-9BE5-E505C3691307}.Debug|Any CPU.ActiveCfg = Debug|Any CPU
		{07C78175-788E-432F-9BE5-E505C3691307}.Debug|Any CPU.Build.0 = Debug|Any CPU
		{07C78175-788E-432F-9BE5-E505C3691307}.Release|Any CPU.ActiveCfg = Release|Any CPU
		{07C78175-788E-432F-9BE5-E505C3691307}.Release|Any CPU.Build.0 = Release|Any CPU
		{B6E0DB79-8DE1-46A9-AD68-92E6041B508A}.Debug|Any CPU.ActiveCfg = Debug|Any CPU
		{B6E0DB79-8DE1-46A9-AD68-92E6041B508A}.Debug|Any CPU.Build.0 = Debug|Any CPU
		{B6E0DB79-8DE1-46A9-AD68-92E6041B508A}.Release|Any CPU.ActiveCfg = Release|Any CPU
		{B6E0DB79-8DE1-46A9-AD68-92E6041B508A}.Release|Any CPU.Build.0 = Release|Any CPU
		{C3C9BEB2-4A7C-4ED9-AA11-5E9623B3E35F}.Debug|Any CPU.ActiveCfg = Debug|Any CPU
		{C3C9BEB2-4A7C-4ED9-AA11-5E9623B3E35F}.Debug|Any CPU.Build.0 = Debug|Any CPU
		{C3C9BEB2-4A7C-4ED9-AA11-5E9623B3E35F}.Release|Any CPU.ActiveCfg = Release|Any CPU
		{C3C9BEB2-4A7C-4ED9-AA11-5E9623B3E35F}.Release|Any CPU.Build.0 = Release|Any CPU
		{1A2635AF-33D3-4150-B977-04026BAB18C9}.Debug|Any CPU.ActiveCfg = Debug|Any CPU
		{1A2635AF-33D3-4150-B977-04026BAB18C9}.Debug|Any CPU.Build.0 = Debug|Any CPU
		{1A2635AF-33D3-4150-B977-04026BAB18C9}.Release|Any CPU.ActiveCfg = Release|Any CPU
		{1A2635AF-33D3-4150-B977-04026BAB18C9}.Release|Any CPU.Build.0 = Release|Any CPU
		{442923D7-9DD0-4DA8-A61A-3C64C9BB446C}.Debug|Any CPU.ActiveCfg = Debug|Any CPU
		{442923D7-9DD0-4DA8-A61A-3C64C9BB446C}.Debug|Any CPU.Build.0 = Debug|Any CPU
		{442923D7-9DD0-4DA8-A61A-3C64C9BB446C}.Release|Any CPU.ActiveCfg = Release|Any CPU
		{442923D7-9DD0-4DA8-A61A-3C64C9BB446C}.Release|Any CPU.Build.0 = Release|Any CPU
		{23D2F55F-DDCB-45E0-95B1-6529421C113C}.Debug|Any CPU.ActiveCfg = Debug|Any CPU
		{23D2F55F-DDCB-45E0-95B1-6529421C113C}.Debug|Any CPU.Build.0 = Debug|Any CPU
		{23D2F55F-DDCB-45E0-95B1-6529421C113C}.Release|Any CPU.ActiveCfg = Release|Any CPU
		{23D2F55F-DDCB-45E0-95B1-6529421C113C}.Release|Any CPU.Build.0 = Release|Any CPU
		{6356C922-7C98-4C3D-8471-306BBBA544B1}.Debug|Any CPU.ActiveCfg = Debug|Any CPU
		{6356C922-7C98-4C3D-8471-306BBBA544B1}.Debug|Any CPU.Build.0 = Debug|Any CPU
		{6356C922-7C98-4C3D-8471-306BBBA544B1}.Release|Any CPU.ActiveCfg = Release|Any CPU
		{6356C922-7C98-4C3D-8471-306BBBA544B1}.Release|Any CPU.Build.0 = Release|Any CPU
		{13443328-9755-48C4-9364-B6A42AECF537}.Debug|Any CPU.ActiveCfg = Debug|Any CPU
		{13443328-9755-48C4-9364-B6A42AECF537}.Debug|Any CPU.Build.0 = Debug|Any CPU
		{13443328-9755-48C4-9364-B6A42AECF537}.Release|Any CPU.ActiveCfg = Release|Any CPU
		{13443328-9755-48C4-9364-B6A42AECF537}.Release|Any CPU.Build.0 = Release|Any CPU
		{31D5D93C-D1B4-4D42-AAA1-B696346999DB}.Debug|Any CPU.ActiveCfg = Debug|Any CPU
		{31D5D93C-D1B4-4D42-AAA1-B696346999DB}.Debug|Any CPU.Build.0 = Debug|Any CPU
		{31D5D93C-D1B4-4D42-AAA1-B696346999DB}.Release|Any CPU.ActiveCfg = Release|Any CPU
		{31D5D93C-D1B4-4D42-AAA1-B696346999DB}.Release|Any CPU.Build.0 = Release|Any CPU
		{600FE68F-F339-4C00-BD83-947DC9889EFA}.Debug|Any CPU.ActiveCfg = Debug|Any CPU
		{600FE68F-F339-4C00-BD83-947DC9889EFA}.Debug|Any CPU.Build.0 = Debug|Any CPU
		{600FE68F-F339-4C00-BD83-947DC9889EFA}.Release|Any CPU.ActiveCfg = Release|Any CPU
		{600FE68F-F339-4C00-BD83-947DC9889EFA}.Release|Any CPU.Build.0 = Release|Any CPU
		{DA9C01C6-1076-4054-8EE4-677D812127F1}.Debug|Any CPU.ActiveCfg = Debug|Any CPU
		{DA9C01C6-1076-4054-8EE4-677D812127F1}.Debug|Any CPU.Build.0 = Debug|Any CPU
		{DA9C01C6-1076-4054-8EE4-677D812127F1}.Release|Any CPU.ActiveCfg = Release|Any CPU
		{DA9C01C6-1076-4054-8EE4-677D812127F1}.Release|Any CPU.Build.0 = Release|Any CPU
		{5A1A8BC5-7A98-4DE3-B72A-816E195C761E}.Debug|Any CPU.ActiveCfg = Debug|Any CPU
		{5A1A8BC5-7A98-4DE3-B72A-816E195C761E}.Debug|Any CPU.Build.0 = Debug|Any CPU
		{5A1A8BC5-7A98-4DE3-B72A-816E195C761E}.Release|Any CPU.ActiveCfg = Release|Any CPU
		{5A1A8BC5-7A98-4DE3-B72A-816E195C761E}.Release|Any CPU.Build.0 = Release|Any CPU
		{D7A4C8E9-D7DC-4DDF-A2AF-C91AA794096D}.Debug|Any CPU.ActiveCfg = Debug|Any CPU
		{D7A4C8E9-D7DC-4DDF-A2AF-C91AA794096D}.Debug|Any CPU.Build.0 = Debug|Any CPU
		{D7A4C8E9-D7DC-4DDF-A2AF-C91AA794096D}.Release|Any CPU.ActiveCfg = Release|Any CPU
		{D7A4C8E9-D7DC-4DDF-A2AF-C91AA794096D}.Release|Any CPU.Build.0 = Release|Any CPU
		{542896CD-A0E4-44E1-9813-34E10EC2A1A8}.Debug|Any CPU.ActiveCfg = Debug|Any CPU
		{542896CD-A0E4-44E1-9813-34E10EC2A1A8}.Debug|Any CPU.Build.0 = Debug|Any CPU
		{542896CD-A0E4-44E1-9813-34E10EC2A1A8}.Release|Any CPU.ActiveCfg = Release|Any CPU
		{542896CD-A0E4-44E1-9813-34E10EC2A1A8}.Release|Any CPU.Build.0 = Release|Any CPU
		{48C4968B-61C0-4F81-AA94-D292D1A596D8}.Debug|Any CPU.ActiveCfg = Debug|Any CPU
		{48C4968B-61C0-4F81-AA94-D292D1A596D8}.Debug|Any CPU.Build.0 = Debug|Any CPU
		{48C4968B-61C0-4F81-AA94-D292D1A596D8}.Release|Any CPU.ActiveCfg = Release|Any CPU
		{48C4968B-61C0-4F81-AA94-D292D1A596D8}.Release|Any CPU.Build.0 = Release|Any CPU
		{21F67A0E-49C7-476A-A657-EC0B5BC865A6}.Debug|Any CPU.ActiveCfg = Debug|Any CPU
		{21F67A0E-49C7-476A-A657-EC0B5BC865A6}.Debug|Any CPU.Build.0 = Debug|Any CPU
		{21F67A0E-49C7-476A-A657-EC0B5BC865A6}.Release|Any CPU.ActiveCfg = Release|Any CPU
		{21F67A0E-49C7-476A-A657-EC0B5BC865A6}.Release|Any CPU.Build.0 = Release|Any CPU
		{1E10B737-4206-4252-8664-B66B0B753F61}.Debug|Any CPU.ActiveCfg = Debug|Any CPU
		{1E10B737-4206-4252-8664-B66B0B753F61}.Debug|Any CPU.Build.0 = Debug|Any CPU
		{1E10B737-4206-4252-8664-B66B0B753F61}.Release|Any CPU.ActiveCfg = Release|Any CPU
		{1E10B737-4206-4252-8664-B66B0B753F61}.Release|Any CPU.Build.0 = Release|Any CPU
		{ABBC820B-AC29-43A1-9B5F-37EC9466D229}.Debug|Any CPU.ActiveCfg = Debug|Any CPU
		{ABBC820B-AC29-43A1-9B5F-37EC9466D229}.Debug|Any CPU.Build.0 = Debug|Any CPU
		{ABBC820B-AC29-43A1-9B5F-37EC9466D229}.Release|Any CPU.ActiveCfg = Release|Any CPU
		{ABBC820B-AC29-43A1-9B5F-37EC9466D229}.Release|Any CPU.Build.0 = Release|Any CPU
		{D3DB9C19-A59B-45A6-A47C-960F347A897B}.Debug|Any CPU.ActiveCfg = Debug|Any CPU
		{D3DB9C19-A59B-45A6-A47C-960F347A897B}.Debug|Any CPU.Build.0 = Debug|Any CPU
		{D3DB9C19-A59B-45A6-A47C-960F347A897B}.Release|Any CPU.ActiveCfg = Release|Any CPU
		{D3DB9C19-A59B-45A6-A47C-960F347A897B}.Release|Any CPU.Build.0 = Release|Any CPU
		{E457F346-AF86-4AF7-8708-976552F039EA}.Debug|Any CPU.ActiveCfg = Debug|Any CPU
		{E457F346-AF86-4AF7-8708-976552F039EA}.Debug|Any CPU.Build.0 = Debug|Any CPU
		{E457F346-AF86-4AF7-8708-976552F039EA}.Release|Any CPU.ActiveCfg = Release|Any CPU
		{E457F346-AF86-4AF7-8708-976552F039EA}.Release|Any CPU.Build.0 = Release|Any CPU
		{F4BFFD75-F410-4490-8177-97684C08D3BF}.Debug|Any CPU.ActiveCfg = Debug|Any CPU
		{F4BFFD75-F410-4490-8177-97684C08D3BF}.Debug|Any CPU.Build.0 = Debug|Any CPU
		{F4BFFD75-F410-4490-8177-97684C08D3BF}.Release|Any CPU.ActiveCfg = Release|Any CPU
		{F4BFFD75-F410-4490-8177-97684C08D3BF}.Release|Any CPU.Build.0 = Release|Any CPU
		{D8614313-5AF4-427A-A36B-834BA1E696B9}.Debug|Any CPU.ActiveCfg = Debug|Any CPU
		{D8614313-5AF4-427A-A36B-834BA1E696B9}.Debug|Any CPU.Build.0 = Debug|Any CPU
		{D8614313-5AF4-427A-A36B-834BA1E696B9}.Release|Any CPU.ActiveCfg = Release|Any CPU
		{D8614313-5AF4-427A-A36B-834BA1E696B9}.Release|Any CPU.Build.0 = Release|Any CPU
		{5A46F48B-E126-4AB7-AB74-288AD8315CE3}.Debug|Any CPU.ActiveCfg = Debug|Any CPU
		{5A46F48B-E126-4AB7-AB74-288AD8315CE3}.Debug|Any CPU.Build.0 = Debug|Any CPU
		{5A46F48B-E126-4AB7-AB74-288AD8315CE3}.Release|Any CPU.ActiveCfg = Release|Any CPU
		{5A46F48B-E126-4AB7-AB74-288AD8315CE3}.Release|Any CPU.Build.0 = Release|Any CPU
		{A79D80ED-4024-454B-AE90-29A06A48DC62}.Debug|Any CPU.ActiveCfg = Debug|Any CPU
		{A79D80ED-4024-454B-AE90-29A06A48DC62}.Debug|Any CPU.Build.0 = Debug|Any CPU
		{A79D80ED-4024-454B-AE90-29A06A48DC62}.Release|Any CPU.ActiveCfg = Release|Any CPU
		{A79D80ED-4024-454B-AE90-29A06A48DC62}.Release|Any CPU.Build.0 = Release|Any CPU
		{BB4A38F0-D36D-4BA0-BBC9-5FDE227D1769}.Debug|Any CPU.ActiveCfg = Debug|Any CPU
		{BB4A38F0-D36D-4BA0-BBC9-5FDE227D1769}.Debug|Any CPU.Build.0 = Debug|Any CPU
		{BB4A38F0-D36D-4BA0-BBC9-5FDE227D1769}.Release|Any CPU.ActiveCfg = Release|Any CPU
		{BB4A38F0-D36D-4BA0-BBC9-5FDE227D1769}.Release|Any CPU.Build.0 = Release|Any CPU
		{02A38ADA-083C-4197-A1FB-9557A0F32F38}.Debug|Any CPU.ActiveCfg = Debug|Any CPU
		{02A38ADA-083C-4197-A1FB-9557A0F32F38}.Debug|Any CPU.Build.0 = Debug|Any CPU
		{02A38ADA-083C-4197-A1FB-9557A0F32F38}.Release|Any CPU.ActiveCfg = Release|Any CPU
		{02A38ADA-083C-4197-A1FB-9557A0F32F38}.Release|Any CPU.Build.0 = Release|Any CPU
		{4001946B-978A-44AA-8DF7-6EB0F1B9A9CE}.Debug|Any CPU.ActiveCfg = Debug|Any CPU
		{4001946B-978A-44AA-8DF7-6EB0F1B9A9CE}.Debug|Any CPU.Build.0 = Debug|Any CPU
		{4001946B-978A-44AA-8DF7-6EB0F1B9A9CE}.Release|Any CPU.ActiveCfg = Release|Any CPU
		{4001946B-978A-44AA-8DF7-6EB0F1B9A9CE}.Release|Any CPU.Build.0 = Release|Any CPU
		{A4006C99-6CBC-4645-9D60-A4B5FD1893B9}.Debug|Any CPU.ActiveCfg = Debug|Any CPU
		{A4006C99-6CBC-4645-9D60-A4B5FD1893B9}.Debug|Any CPU.Build.0 = Debug|Any CPU
		{A4006C99-6CBC-4645-9D60-A4B5FD1893B9}.Release|Any CPU.ActiveCfg = Release|Any CPU
		{A4006C99-6CBC-4645-9D60-A4B5FD1893B9}.Release|Any CPU.Build.0 = Release|Any CPU
		{EA225A8D-4622-4B37-85B9-C3CA38F731CC}.Debug|Any CPU.ActiveCfg = Debug|Any CPU
		{EA225A8D-4622-4B37-85B9-C3CA38F731CC}.Debug|Any CPU.Build.0 = Debug|Any CPU
		{EA225A8D-4622-4B37-85B9-C3CA38F731CC}.Release|Any CPU.ActiveCfg = Release|Any CPU
		{EA225A8D-4622-4B37-85B9-C3CA38F731CC}.Release|Any CPU.Build.0 = Release|Any CPU
		{88A3E819-AD8A-4FF9-89C0-AD08DD520104}.Debug|Any CPU.ActiveCfg = Debug|Any CPU
		{88A3E819-AD8A-4FF9-89C0-AD08DD520104}.Debug|Any CPU.Build.0 = Debug|Any CPU
		{88A3E819-AD8A-4FF9-89C0-AD08DD520104}.Release|Any CPU.ActiveCfg = Release|Any CPU
		{88A3E819-AD8A-4FF9-89C0-AD08DD520104}.Release|Any CPU.Build.0 = Release|Any CPU
		{047D0CB4-A96B-427A-88DA-0F9EB63234F9}.Debug|Any CPU.ActiveCfg = Debug|Any CPU
		{047D0CB4-A96B-427A-88DA-0F9EB63234F9}.Debug|Any CPU.Build.0 = Debug|Any CPU
		{047D0CB4-A96B-427A-88DA-0F9EB63234F9}.Release|Any CPU.ActiveCfg = Release|Any CPU
		{047D0CB4-A96B-427A-88DA-0F9EB63234F9}.Release|Any CPU.Build.0 = Release|Any CPU
		{99DC60A8-71CB-48BB-AF3E-AB47F95F8F58}.Debug|Any CPU.ActiveCfg = Debug|Any CPU
		{99DC60A8-71CB-48BB-AF3E-AB47F95F8F58}.Debug|Any CPU.Build.0 = Debug|Any CPU
		{99DC60A8-71CB-48BB-AF3E-AB47F95F8F58}.Release|Any CPU.ActiveCfg = Release|Any CPU
		{99DC60A8-71CB-48BB-AF3E-AB47F95F8F58}.Release|Any CPU.Build.0 = Release|Any CPU
		{33FD5ABC-3866-434F-A927-5B10DCE12684}.Debug|Any CPU.ActiveCfg = Debug|Any CPU
		{33FD5ABC-3866-434F-A927-5B10DCE12684}.Debug|Any CPU.Build.0 = Debug|Any CPU
		{33FD5ABC-3866-434F-A927-5B10DCE12684}.Release|Any CPU.ActiveCfg = Release|Any CPU
		{33FD5ABC-3866-434F-A927-5B10DCE12684}.Release|Any CPU.Build.0 = Release|Any CPU
		{40D87046-09DB-4D30-A152-EF047C408731}.Debug|Any CPU.ActiveCfg = Debug|Any CPU
		{40D87046-09DB-4D30-A152-EF047C408731}.Debug|Any CPU.Build.0 = Debug|Any CPU
		{40D87046-09DB-4D30-A152-EF047C408731}.Release|Any CPU.ActiveCfg = Release|Any CPU
		{40D87046-09DB-4D30-A152-EF047C408731}.Release|Any CPU.Build.0 = Release|Any CPU
		{61552292-B786-422B-9ADB-87EAE063A931}.Debug|Any CPU.ActiveCfg = Debug|Any CPU
		{61552292-B786-422B-9ADB-87EAE063A931}.Debug|Any CPU.Build.0 = Debug|Any CPU
		{61552292-B786-422B-9ADB-87EAE063A931}.Release|Any CPU.ActiveCfg = Release|Any CPU
		{61552292-B786-422B-9ADB-87EAE063A931}.Release|Any CPU.Build.0 = Release|Any CPU
		{C58056F7-E84C-49AB-B8EB-846630574824}.Debug|Any CPU.ActiveCfg = Debug|Any CPU
		{C58056F7-E84C-49AB-B8EB-846630574824}.Debug|Any CPU.Build.0 = Debug|Any CPU
		{C58056F7-E84C-49AB-B8EB-846630574824}.Release|Any CPU.ActiveCfg = Release|Any CPU
		{C58056F7-E84C-49AB-B8EB-846630574824}.Release|Any CPU.Build.0 = Release|Any CPU
		{7501540E-CB89-449B-83CC-83CA7897450A}.Debug|Any CPU.ActiveCfg = Debug|Any CPU
		{7501540E-CB89-449B-83CC-83CA7897450A}.Debug|Any CPU.Build.0 = Debug|Any CPU
		{7501540E-CB89-449B-83CC-83CA7897450A}.Release|Any CPU.ActiveCfg = Release|Any CPU
		{7501540E-CB89-449B-83CC-83CA7897450A}.Release|Any CPU.Build.0 = Release|Any CPU
		{1E8C8716-F5C4-42D7-BC28-EC1EC3E6BA86}.Debug|Any CPU.ActiveCfg = Debug|Any CPU
		{1E8C8716-F5C4-42D7-BC28-EC1EC3E6BA86}.Debug|Any CPU.Build.0 = Debug|Any CPU
		{1E8C8716-F5C4-42D7-BC28-EC1EC3E6BA86}.Release|Any CPU.ActiveCfg = Release|Any CPU
		{1E8C8716-F5C4-42D7-BC28-EC1EC3E6BA86}.Release|Any CPU.Build.0 = Release|Any CPU
		{F29B8A20-C8E4-42A8-A60D-0279449BA4F2}.Debug|Any CPU.ActiveCfg = Debug|Any CPU
		{F29B8A20-C8E4-42A8-A60D-0279449BA4F2}.Debug|Any CPU.Build.0 = Debug|Any CPU
		{F29B8A20-C8E4-42A8-A60D-0279449BA4F2}.Release|Any CPU.ActiveCfg = Release|Any CPU
		{F29B8A20-C8E4-42A8-A60D-0279449BA4F2}.Release|Any CPU.Build.0 = Release|Any CPU
		{65481229-169E-444C-AF38-80CBA207F67D}.Debug|Any CPU.ActiveCfg = Debug|Any CPU
		{65481229-169E-444C-AF38-80CBA207F67D}.Debug|Any CPU.Build.0 = Debug|Any CPU
		{65481229-169E-444C-AF38-80CBA207F67D}.Release|Any CPU.ActiveCfg = Release|Any CPU
		{65481229-169E-444C-AF38-80CBA207F67D}.Release|Any CPU.Build.0 = Release|Any CPU
		{3EB97704-BB05-40FF-A358-992CC379ED0D}.Debug|Any CPU.ActiveCfg = Debug|Any CPU
		{3EB97704-BB05-40FF-A358-992CC379ED0D}.Debug|Any CPU.Build.0 = Debug|Any CPU
		{3EB97704-BB05-40FF-A358-992CC379ED0D}.Release|Any CPU.ActiveCfg = Release|Any CPU
		{3EB97704-BB05-40FF-A358-992CC379ED0D}.Release|Any CPU.Build.0 = Release|Any CPU
		{3A47D7F1-F192-40D9-BD6A-707E5EFB4420}.Debug|Any CPU.ActiveCfg = Debug|Any CPU
		{3A47D7F1-F192-40D9-BD6A-707E5EFB4420}.Debug|Any CPU.Build.0 = Debug|Any CPU
		{3A47D7F1-F192-40D9-BD6A-707E5EFB4420}.Release|Any CPU.ActiveCfg = Release|Any CPU
		{3A47D7F1-F192-40D9-BD6A-707E5EFB4420}.Release|Any CPU.Build.0 = Release|Any CPU
		{2968D2B7-016A-4B18-945F-941A8B3C0741}.Debug|Any CPU.ActiveCfg = Debug|Any CPU
		{2968D2B7-016A-4B18-945F-941A8B3C0741}.Debug|Any CPU.Build.0 = Debug|Any CPU
		{2968D2B7-016A-4B18-945F-941A8B3C0741}.Release|Any CPU.ActiveCfg = Release|Any CPU
		{2968D2B7-016A-4B18-945F-941A8B3C0741}.Release|Any CPU.Build.0 = Release|Any CPU
		{2C584BC7-F3DA-4F23-A102-0BBC4FB42E1F}.Debug|Any CPU.ActiveCfg = Debug|Any CPU
		{2C584BC7-F3DA-4F23-A102-0BBC4FB42E1F}.Debug|Any CPU.Build.0 = Debug|Any CPU
		{2C584BC7-F3DA-4F23-A102-0BBC4FB42E1F}.Release|Any CPU.ActiveCfg = Release|Any CPU
		{2C584BC7-F3DA-4F23-A102-0BBC4FB42E1F}.Release|Any CPU.Build.0 = Release|Any CPU
		{B60167D7-CA8E-4FDC-A383-927D8960429B}.Debug|Any CPU.ActiveCfg = Debug|Any CPU
		{B60167D7-CA8E-4FDC-A383-927D8960429B}.Debug|Any CPU.Build.0 = Debug|Any CPU
		{B60167D7-CA8E-4FDC-A383-927D8960429B}.Release|Any CPU.ActiveCfg = Release|Any CPU
		{B60167D7-CA8E-4FDC-A383-927D8960429B}.Release|Any CPU.Build.0 = Release|Any CPU
		{DA2B9941-B4AB-4500-A1FF-B4483DF5C419}.Debug|Any CPU.ActiveCfg = Debug|Any CPU
		{DA2B9941-B4AB-4500-A1FF-B4483DF5C419}.Debug|Any CPU.Build.0 = Debug|Any CPU
		{DA2B9941-B4AB-4500-A1FF-B4483DF5C419}.Release|Any CPU.ActiveCfg = Release|Any CPU
		{DA2B9941-B4AB-4500-A1FF-B4483DF5C419}.Release|Any CPU.Build.0 = Release|Any CPU
		{279D7B98-6188-4CD0-84E0-EED65EFFC4C7}.Debug|Any CPU.ActiveCfg = Debug|Any CPU
		{279D7B98-6188-4CD0-84E0-EED65EFFC4C7}.Debug|Any CPU.Build.0 = Debug|Any CPU
		{279D7B98-6188-4CD0-84E0-EED65EFFC4C7}.Release|Any CPU.ActiveCfg = Release|Any CPU
		{279D7B98-6188-4CD0-84E0-EED65EFFC4C7}.Release|Any CPU.Build.0 = Release|Any CPU
		{D16E2B05-1BD0-4EC8-BFAB-884CD86200A7}.Debug|Any CPU.ActiveCfg = Debug|Any CPU
		{D16E2B05-1BD0-4EC8-BFAB-884CD86200A7}.Debug|Any CPU.Build.0 = Debug|Any CPU
		{D16E2B05-1BD0-4EC8-BFAB-884CD86200A7}.Release|Any CPU.ActiveCfg = Release|Any CPU
		{D16E2B05-1BD0-4EC8-BFAB-884CD86200A7}.Release|Any CPU.Build.0 = Release|Any CPU
		{E29A47A0-3DD7-4328-9EC6-FD9EC86792B7}.Debug|Any CPU.ActiveCfg = Debug|Any CPU
		{E29A47A0-3DD7-4328-9EC6-FD9EC86792B7}.Debug|Any CPU.Build.0 = Debug|Any CPU
		{E29A47A0-3DD7-4328-9EC6-FD9EC86792B7}.Release|Any CPU.ActiveCfg = Release|Any CPU
		{E29A47A0-3DD7-4328-9EC6-FD9EC86792B7}.Release|Any CPU.Build.0 = Release|Any CPU
		{8D348CCF-B3D9-40BF-BB3B-CB15F62B08CE}.Debug|Any CPU.ActiveCfg = Debug|Any CPU
		{8D348CCF-B3D9-40BF-BB3B-CB15F62B08CE}.Debug|Any CPU.Build.0 = Debug|Any CPU
		{8D348CCF-B3D9-40BF-BB3B-CB15F62B08CE}.Release|Any CPU.ActiveCfg = Release|Any CPU
		{8D348CCF-B3D9-40BF-BB3B-CB15F62B08CE}.Release|Any CPU.Build.0 = Release|Any CPU
		{D3BFDAC4-FAE1-4C6D-B07E-268533F94045}.Debug|Any CPU.ActiveCfg = Debug|Any CPU
		{D3BFDAC4-FAE1-4C6D-B07E-268533F94045}.Debug|Any CPU.Build.0 = Debug|Any CPU
		{D3BFDAC4-FAE1-4C6D-B07E-268533F94045}.Release|Any CPU.ActiveCfg = Release|Any CPU
		{D3BFDAC4-FAE1-4C6D-B07E-268533F94045}.Release|Any CPU.Build.0 = Release|Any CPU
		{05AB57DE-D729-4887-B13C-D349D8451577}.Debug|Any CPU.ActiveCfg = Debug|Any CPU
		{05AB57DE-D729-4887-B13C-D349D8451577}.Debug|Any CPU.Build.0 = Debug|Any CPU
		{05AB57DE-D729-4887-B13C-D349D8451577}.Release|Any CPU.ActiveCfg = Release|Any CPU
		{05AB57DE-D729-4887-B13C-D349D8451577}.Release|Any CPU.Build.0 = Release|Any CPU
		{6A47B206-5C05-43A5-82A2-7DC761D3E148}.Debug|Any CPU.ActiveCfg = Debug|Any CPU
		{6A47B206-5C05-43A5-82A2-7DC761D3E148}.Debug|Any CPU.Build.0 = Debug|Any CPU
		{6A47B206-5C05-43A5-82A2-7DC761D3E148}.Release|Any CPU.ActiveCfg = Release|Any CPU
		{6A47B206-5C05-43A5-82A2-7DC761D3E148}.Release|Any CPU.Build.0 = Release|Any CPU
		{5AE01C0C-569C-403B-91D6-B264AA6833E1}.Debug|Any CPU.ActiveCfg = Debug|Any CPU
		{5AE01C0C-569C-403B-91D6-B264AA6833E1}.Debug|Any CPU.Build.0 = Debug|Any CPU
		{5AE01C0C-569C-403B-91D6-B264AA6833E1}.Release|Any CPU.ActiveCfg = Release|Any CPU
		{5AE01C0C-569C-403B-91D6-B264AA6833E1}.Release|Any CPU.Build.0 = Release|Any CPU
		{BE48E0F3-D1E0-460B-9D29-B32F88E1B3E4}.Debug|Any CPU.ActiveCfg = Debug|Any CPU
		{BE48E0F3-D1E0-460B-9D29-B32F88E1B3E4}.Debug|Any CPU.Build.0 = Debug|Any CPU
		{BE48E0F3-D1E0-460B-9D29-B32F88E1B3E4}.Release|Any CPU.ActiveCfg = Release|Any CPU
		{BE48E0F3-D1E0-460B-9D29-B32F88E1B3E4}.Release|Any CPU.Build.0 = Release|Any CPU
		{AF5C9910-0BFE-4545-BCF7-21FC9E04B70A}.Debug|Any CPU.ActiveCfg = Debug|Any CPU
		{AF5C9910-0BFE-4545-BCF7-21FC9E04B70A}.Debug|Any CPU.Build.0 = Debug|Any CPU
		{AF5C9910-0BFE-4545-BCF7-21FC9E04B70A}.Release|Any CPU.ActiveCfg = Release|Any CPU
		{AF5C9910-0BFE-4545-BCF7-21FC9E04B70A}.Release|Any CPU.Build.0 = Release|Any CPU
	EndGlobalSection
	GlobalSection(SolutionProperties) = preSolution
		HideSolutionNode = FALSE
	EndGlobalSection
	GlobalSection(NestedProjects) = preSolution
		{DD69BB85-B2D2-4A85-9D07-C4C2B1010BCD} = {F9168B2E-9669-4E1F-85D7-00A5A80CD151}
		{90501EC8-BF6E-4A69-A705-D187BFAD131C} = {F9168B2E-9669-4E1F-85D7-00A5A80CD151}
		{BAED8AF2-560D-411F-98F5-3EC8F0587D40} = {F9168B2E-9669-4E1F-85D7-00A5A80CD151}
		{8CF597C0-2E36-4D4C-B285-EC47A73AEAC9} = {F9168B2E-9669-4E1F-85D7-00A5A80CD151}
		{3A3EF0A2-5ADF-4F63-A35E-9BEDC8427890} = {F9168B2E-9669-4E1F-85D7-00A5A80CD151}
		{553B3089-84F0-46A9-86BA-C3ECAAAE2742} = {F9168B2E-9669-4E1F-85D7-00A5A80CD151}
		{1414CB57-77C0-47EC-9DC5-38D0F6881165} = {F9168B2E-9669-4E1F-85D7-00A5A80CD151}
		{E8B27CE4-9F2C-4A05-91FC-B1DD184BAE1E} = {F9168B2E-9669-4E1F-85D7-00A5A80CD151}
		{4DAA69CB-5FA4-48B5-BA30-CD64DACA73BA} = {F9168B2E-9669-4E1F-85D7-00A5A80CD151}
		{F06443B1-3617-4FF6-AC88-4EEEEE5FDDD5} = {F9168B2E-9669-4E1F-85D7-00A5A80CD151}
		{D3BFDAC4-FAE1-4C6D-B07E-268533F94045} = {3DA16AF2-68CD-46C8-959D-F34D89A50911}
		{05AB57DE-D729-4887-B13C-D349D8451577} = {3DA16AF2-68CD-46C8-959D-F34D89A50911}
		{6A47B206-5C05-43A5-82A2-7DC761D3E148} = {3DA16AF2-68CD-46C8-959D-F34D89A50911}
		{5AE01C0C-569C-403B-91D6-B264AA6833E1} = {3DA16AF2-68CD-46C8-959D-F34D89A50911}
		{BE48E0F3-D1E0-460B-9D29-B32F88E1B3E4} = {3DA16AF2-68CD-46C8-959D-F34D89A50911}
		{F7FF5959-328C-4CB6-A4BD-C8F4926416E6} = {F47CE5F6-2E05-4861-8D86-F7F7EADC4A0C}
		{CFDEC89F-6AE7-4337-9BAE-5586DD1C3D3F} = {F47CE5F6-2E05-4861-8D86-F7F7EADC4A0C}
		{E0CBC102-2465-4B30-92AB-FF9D9489766D} = {F47CE5F6-2E05-4861-8D86-F7F7EADC4A0C}
		{1CD994B6-9285-4D87-9ED2-3BDAF96DD81C} = {F47CE5F6-2E05-4861-8D86-F7F7EADC4A0C}
		{F5422991-44BE-4988-8773-8D91CD74D9D4} = {B0950A99-5DF7-4E9A-A6FE-3B89E6CF4945}
		{BB7DFD20-C6FE-4C1F-A5F7-4FFD5EC403C9} = {B0950A99-5DF7-4E9A-A6FE-3B89E6CF4945}
		{E7491304-15F8-4A36-A1E2-54829D26F4CE} = {B0950A99-5DF7-4E9A-A6FE-3B89E6CF4945}
		{CFC512B4-E61C-45D7-A662-5CC783D7B9B5} = {B0950A99-5DF7-4E9A-A6FE-3B89E6CF4945}
		{907039DB-EB87-4E27-97BE-ACBF680D3721} = {B0950A99-5DF7-4E9A-A6FE-3B89E6CF4945}
		{03A5A341-B7AB-4BA9-B445-A08C1309BE8F} = {B0950A99-5DF7-4E9A-A6FE-3B89E6CF4945}
		{E7E65A36-8C0D-4C8F-8846-41A647F8E9E8} = {B0950A99-5DF7-4E9A-A6FE-3B89E6CF4945}
		{31273896-7C8D-44D7-A0F5-FF1BFE24C836} = {B0950A99-5DF7-4E9A-A6FE-3B89E6CF4945}
		{1ADC40BE-A69B-44C7-9D55-9E02380B7F34} = {B0950A99-5DF7-4E9A-A6FE-3B89E6CF4945}
		{AF7268A4-E2CB-44A4-8A14-8923B96E7FBB} = {B0950A99-5DF7-4E9A-A6FE-3B89E6CF4945}
		{7D30B581-3993-44BA-8F4A-6EE19BC503EA} = {B0950A99-5DF7-4E9A-A6FE-3B89E6CF4945}
		{269D5ED4-E0BC-434E-B300-04BD19B29094} = {B0950A99-5DF7-4E9A-A6FE-3B89E6CF4945}
		{442959E7-9D75-47D1-BF35-A2072BC30151} = {B0950A99-5DF7-4E9A-A6FE-3B89E6CF4945}
		{3EB97704-BB05-40FF-A358-992CC379ED0D} = {B0950A99-5DF7-4E9A-A6FE-3B89E6CF4945}
		{3A47D7F1-F192-40D9-BD6A-707E5EFB4420} = {B0950A99-5DF7-4E9A-A6FE-3B89E6CF4945}
		{2968D2B7-016A-4B18-945F-941A8B3C0741} = {B0950A99-5DF7-4E9A-A6FE-3B89E6CF4945}
		{2C584BC7-F3DA-4F23-A102-0BBC4FB42E1F} = {B0950A99-5DF7-4E9A-A6FE-3B89E6CF4945}
		{B60167D7-CA8E-4FDC-A383-927D8960429B} = {B0950A99-5DF7-4E9A-A6FE-3B89E6CF4945}
		{B008136F-7186-4C0B-847B-9BBD25A74677} = {34A73E6F-2952-4E76-86A3-90EE9B5EC6E2}
		{9EF0DC0B-E9E1-4606-9C5A-D0B200BB7C39} = {34A73E6F-2952-4E76-86A3-90EE9B5EC6E2}
		{8C5FFB58-8ED0-41B5-9101-D7297203720F} = {34A73E6F-2952-4E76-86A3-90EE9B5EC6E2}
		{60154FD3-950B-4052-8512-58D63DB23E05} = {34A73E6F-2952-4E76-86A3-90EE9B5EC6E2}
		{005C7E51-8DED-4303-8948-9FB6F7769F7C} = {34A73E6F-2952-4E76-86A3-90EE9B5EC6E2}
		{B367EF29-C58E-4416-868D-CD3C1F190757} = {34A73E6F-2952-4E76-86A3-90EE9B5EC6E2}
		{2840F68E-C4FE-4DC9-8058-231EC885FBD5} = {34A73E6F-2952-4E76-86A3-90EE9B5EC6E2}
		{5D86F970-6571-42A4-9C8B-0F3C2F072608} = {34A73E6F-2952-4E76-86A3-90EE9B5EC6E2}
		{D261F97D-EC2B-4B36-8652-DC123B7D931B} = {34A73E6F-2952-4E76-86A3-90EE9B5EC6E2}
		{07B2FA82-B31E-4F99-AAE8-3CA5D3D6C546} = {34A73E6F-2952-4E76-86A3-90EE9B5EC6E2}
		{E3C500E6-7B25-466C-BEDE-C6EDEEC8AD6C} = {34A73E6F-2952-4E76-86A3-90EE9B5EC6E2}
		{C9AFB7C9-4FCF-4893-9768-51F219528880} = {34A73E6F-2952-4E76-86A3-90EE9B5EC6E2}
		{DA2B9941-B4AB-4500-A1FF-B4483DF5C419} = {34A73E6F-2952-4E76-86A3-90EE9B5EC6E2}
		{AF5C9910-0BFE-4545-BCF7-21FC9E04B70A} = {34A73E6F-2952-4E76-86A3-90EE9B5EC6E2}
		{5A1A8BC5-7A98-4DE3-B72A-816E195C761E} = {AA9EF2A2-A612-4304-BAAB-7DF904C7B17E}
		{D7A4C8E9-D7DC-4DDF-A2AF-C91AA794096D} = {AA9EF2A2-A612-4304-BAAB-7DF904C7B17E}
		{542896CD-A0E4-44E1-9813-34E10EC2A1A8} = {AA9EF2A2-A612-4304-BAAB-7DF904C7B17E}
		{48C4968B-61C0-4F81-AA94-D292D1A596D8} = {AA9EF2A2-A612-4304-BAAB-7DF904C7B17E}
		{21F67A0E-49C7-476A-A657-EC0B5BC865A6} = {4E1A60FA-8D54-45D2-91F2-2959CA7E0AF6}
		{1E10B737-4206-4252-8664-B66B0B753F61} = {4E1A60FA-8D54-45D2-91F2-2959CA7E0AF6}
		{ABBC820B-AC29-43A1-9B5F-37EC9466D229} = {4E1A60FA-8D54-45D2-91F2-2959CA7E0AF6}
		{D3DB9C19-A59B-45A6-A47C-960F347A897B} = {27425D25-37B7-4348-898B-3C52DA253CE8}
		{E457F346-AF86-4AF7-8708-976552F039EA} = {D18854E9-88F1-4358-840A-3150F5E11855}
		{F4BFFD75-F410-4490-8177-97684C08D3BF} = {D18854E9-88F1-4358-840A-3150F5E11855}
		{D8614313-5AF4-427A-A36B-834BA1E696B9} = {D18854E9-88F1-4358-840A-3150F5E11855}
		{5A46F48B-E126-4AB7-AB74-288AD8315CE3} = {D18854E9-88F1-4358-840A-3150F5E11855}
		{A79D80ED-4024-454B-AE90-29A06A48DC62} = {D18854E9-88F1-4358-840A-3150F5E11855}
		{BB4A38F0-D36D-4BA0-BBC9-5FDE227D1769} = {A69CA076-A559-4F63-A380-2A74E51B320C}
		{02A38ADA-083C-4197-A1FB-9557A0F32F38} = {A69CA076-A559-4F63-A380-2A74E51B320C}
		{4001946B-978A-44AA-8DF7-6EB0F1B9A9CE} = {A69CA076-A559-4F63-A380-2A74E51B320C}
		{A4006C99-6CBC-4645-9D60-A4B5FD1893B9} = {A69CA076-A559-4F63-A380-2A74E51B320C}
		{EA225A8D-4622-4B37-85B9-C3CA38F731CC} = {A69CA076-A559-4F63-A380-2A74E51B320C}
		{25623BA7-CBE7-4AA5-BDB5-54922088AD4B} = {57DF1C65-DBE0-4DCD-98CF-CE5BFEDF7AA2}
		{07C78175-788E-432F-9BE5-E505C3691307} = {57DF1C65-DBE0-4DCD-98CF-CE5BFEDF7AA2}
		{B6E0DB79-8DE1-46A9-AD68-92E6041B508A} = {57DF1C65-DBE0-4DCD-98CF-CE5BFEDF7AA2}
		{C3C9BEB2-4A7C-4ED9-AA11-5E9623B3E35F} = {57DF1C65-DBE0-4DCD-98CF-CE5BFEDF7AA2}
		{1A2635AF-33D3-4150-B977-04026BAB18C9} = {57DF1C65-DBE0-4DCD-98CF-CE5BFEDF7AA2}
		{442923D7-9DD0-4DA8-A61A-3C64C9BB446C} = {57DF1C65-DBE0-4DCD-98CF-CE5BFEDF7AA2}
		{23D2F55F-DDCB-45E0-95B1-6529421C113C} = {57DF1C65-DBE0-4DCD-98CF-CE5BFEDF7AA2}
		{6356C922-7C98-4C3D-8471-306BBBA544B1} = {57DF1C65-DBE0-4DCD-98CF-CE5BFEDF7AA2}
		{13443328-9755-48C4-9364-B6A42AECF537} = {57DF1C65-DBE0-4DCD-98CF-CE5BFEDF7AA2}
		{31D5D93C-D1B4-4D42-AAA1-B696346999DB} = {57DF1C65-DBE0-4DCD-98CF-CE5BFEDF7AA2}
		{600FE68F-F339-4C00-BD83-947DC9889EFA} = {57DF1C65-DBE0-4DCD-98CF-CE5BFEDF7AA2}
		{DA9C01C6-1076-4054-8EE4-677D812127F1} = {57DF1C65-DBE0-4DCD-98CF-CE5BFEDF7AA2}
		{279D7B98-6188-4CD0-84E0-EED65EFFC4C7} = {86CDD23E-B53F-4532-BF24-196AA6F2A5F9}
		{D16E2B05-1BD0-4EC8-BFAB-884CD86200A7} = {86CDD23E-B53F-4532-BF24-196AA6F2A5F9}
		{E29A47A0-3DD7-4328-9EC6-FD9EC86792B7} = {86CDD23E-B53F-4532-BF24-196AA6F2A5F9}
		{8D348CCF-B3D9-40BF-BB3B-CB15F62B08CE} = {86CDD23E-B53F-4532-BF24-196AA6F2A5F9}
		{047D0CB4-A96B-427A-88DA-0F9EB63234F9} = {D27A421D-5FF6-4B97-9E0B-EABE399C3C0E}
		{99DC60A8-71CB-48BB-AF3E-AB47F95F8F58} = {D27A421D-5FF6-4B97-9E0B-EABE399C3C0E}
		{FC12739D-811D-4ACB-9F45-30B604A2E301} = {D27A421D-5FF6-4B97-9E0B-EABE399C3C0E}
		{40D87046-09DB-4D30-A152-EF047C408731} = {D27A421D-5FF6-4B97-9E0B-EABE399C3C0E}
		{F29B8A20-C8E4-42A8-A60D-0279449BA4F2} = {D27A421D-5FF6-4B97-9E0B-EABE399C3C0E}
		{65481229-169E-444C-AF38-80CBA207F67D} = {D27A421D-5FF6-4B97-9E0B-EABE399C3C0E}
		{33FD5ABC-3866-434F-A927-5B10DCE12684} = {FC12739D-811D-4ACB-9F45-30B604A2E301}
		{61552292-B786-422B-9ADB-87EAE063A931} = {FC12739D-811D-4ACB-9F45-30B604A2E301}
		{C58056F7-E84C-49AB-B8EB-846630574824} = {FC12739D-811D-4ACB-9F45-30B604A2E301}
		{7501540E-CB89-449B-83CC-83CA7897450A} = {FC12739D-811D-4ACB-9F45-30B604A2E301}
		{1E8C8716-F5C4-42D7-BC28-EC1EC3E6BA86} = {FC12739D-811D-4ACB-9F45-30B604A2E301}
	EndGlobalSection
EndGlobal
